{
  "object": {
    "pins": [
      {
        "package": "AnimatedCollectionViewLayout",
        "repositoryURL": "https://github.com/KelvinJin/AnimatedCollectionViewLayout",
        "state": {
          "branch": null,
          "revision": "c15687d1c6db6d39ef1e54a6c5a5c2fe74a544a8",
          "version": "1.1.0"
        }
      },
      {
        "package": "GradientView",
        "repositoryURL": "https://github.com/soffes/GradientView",
        "state": {
          "branch": "master",
          "revision": "2ba23c51b7a4d55ee732379eb0eb35987a773185",
          "version": null
        }
      },
      {
        "package": "Kingfisher",
        "repositoryURL": "https://github.com/onevcat/Kingfisher",
        "state": {
          "branch": null,
          "revision": "0c02c46cfdc0656ce74fd0963a75e5000a0b7f23",
          "version": "7.1.2"
        }
      },
      {
        "package": "Lottie",
        "repositoryURL": "https://github.com/LottieFiles/lottie-ios",
        "state": {
          "branch": null,
          "revision": "eb115967234671b725264422d82c9d1d6b226e5a",
          "version": "3.1.5"
        }
      },
      {
        "package": "SnapKit",
        "repositoryURL": "https://github.com/SnapKit/SnapKit",
        "state": {
          "branch": null,
          "revision": "d458564516e5676af9c70b4f4b2a9178294f1bc6",
          "version": "5.0.1"
        }
      },
      {
        "package": "TTGTags",
        "repositoryURL": "https://github.com/zekunyan/TTGTagCollectionView",
        "state": {
          "branch": null,
          "revision": "7539583a7cb7ad278945461ea26e985e759554b4",
          "version": "2.1.0"
        }
      }
    ]
  },
  "version": 1
}
