// !$*UTF8*$!
{
	archiveVersion = 1;
	classes = {
	};
	objectVersion = 55;
	objects = {

/* Begin PBXBuildFile section */
		24138A172805719400044F5E /* ExploreVC.swift in Sources */ = {isa = PBXBuildFile; fileRef = 24138A162805719400044F5E /* ExploreVC.swift */; };
		24138A1A280571CA00044F5E /* MenuController.swift in Sources */ = {isa = PBXBuildFile; fileRef = 24138A19280571CA00044F5E /* MenuController.swift */; };
		24138A1C2805726200044F5E /* MenuView.swift in Sources */ = {isa = PBXBuildFile; fileRef = 24138A1B2805726200044F5E /* MenuView.swift */; };
		24138A1E2805728300044F5E /* MenuItemView.swift in Sources */ = {isa = PBXBuildFile; fileRef = 24138A1D2805728300044F5E /* MenuItemView.swift */; };
		24138A202805739B00044F5E /* MenuItem.swift in Sources */ = {isa = PBXBuildFile; fileRef = 24138A1F2805739B00044F5E /* MenuItem.swift */; };
		24138A232805748200044F5E /* MenuModels.swift in Sources */ = {isa = PBXBuildFile; fileRef = 24138A222805748200044F5E /* MenuModels.swift */; };
		24138A272805ABEE00044F5E /* Assets.xcassets in Resources */ = {isa = PBXBuildFile; fileRef = 24138A262805ABEE00044F5E /* Assets.xcassets */; };
		24138A292805AC7300044F5E /* Colors.swift in Sources */ = {isa = PBXBuildFile; fileRef = 24138A282805AC7300044F5E /* Colors.swift */; };
		24138A322805AD6E00044F5E /* UIApplication+Extension.swift in Sources */ = {isa = PBXBuildFile; fileRef = 24138A2B2805AD6E00044F5E /* UIApplication+Extension.swift */; };
		24138A332805AD6E00044F5E /* UIColor+Extension.swift in Sources */ = {isa = PBXBuildFile; fileRef = 24138A2C2805AD6E00044F5E /* UIColor+Extension.swift */; };
		24138A342805AD6E00044F5E /* UIView+Extension.swift in Sources */ = {isa = PBXBuildFile; fileRef = 24138A2D2805AD6E00044F5E /* UIView+Extension.swift */; };
		24138A352805AD6E00044F5E /* UIImage+Extension.swift in Sources */ = {isa = PBXBuildFile; fileRef = 24138A2E2805AD6E00044F5E /* UIImage+Extension.swift */; };
		24138A362805AD6E00044F5E /* UIViewController+Extension.swift in Sources */ = {isa = PBXBuildFile; fileRef = 24138A2F2805AD6E00044F5E /* UIViewController+Extension.swift */; };
		24138A372805AD6E00044F5E /* String+Extension.swift in Sources */ = {isa = PBXBuildFile; fileRef = 24138A302805AD6E00044F5E /* String+Extension.swift */; };
		24138A382805AD6E00044F5E /* Array+Extension.swift in Sources */ = {isa = PBXBuildFile; fileRef = 24138A312805AD6E00044F5E /* Array+Extension.swift */; };
		2497158027D9E15F00968E08 /* GoogleService-Info.plist in Resources */ = {isa = PBXBuildFile; fileRef = 2497157F27D9E15F00968E08 /* GoogleService-Info.plist */; };
		2497158327D9E23400968E08 /* FirebaseAnalytics in Frameworks */ = {isa = PBXBuildFile; productRef = 2497158227D9E23400968E08 /* FirebaseAnalytics */; };
		2497158527D9E23400968E08 /* FirebaseCrashlytics in Frameworks */ = {isa = PBXBuildFile; productRef = 2497158427D9E23400968E08 /* FirebaseCrashlytics */; };
		2497158927D9E40F00968E08 /* AdSupport.framework in Frameworks */ = {isa = PBXBuildFile; fileRef = 2497158727D9E3FB00968E08 /* AdSupport.framework */; };
		249EDC1827C770A6005F7A9B /* TTGTags in Frameworks */ = {isa = PBXBuildFile; productRef = 249EDC1727C770A6005F7A9B /* TTGTags */; };
		24A8407527C3A0F400BCF304 /* AnimatedCollectionViewLayout in Frameworks */ = {isa = PBXBuildFile; productRef = 24A8407427C3A0F400BCF304 /* AnimatedCollectionViewLayout */; };
		24D1287327903ECD00AD7F3D /* AppDelegate.swift in Sources */ = {isa = PBXBuildFile; fileRef = 24D1287227903ECD00AD7F3D /* AppDelegate.swift */; };
		24D1287527903ECD00AD7F3D /* SceneDelegate.swift in Sources */ = {isa = PBXBuildFile; fileRef = 24D1287427903ECD00AD7F3D /* SceneDelegate.swift */; };
		24D1287F27903ECE00AD7F3D /* LaunchScreen.storyboard in Resources */ = {isa = PBXBuildFile; fileRef = 24D1287D27903ECE00AD7F3D /* LaunchScreen.storyboard */; };
		24D1289C2790887A00AD7F3D /* SnapKit in Frameworks */ = {isa = PBXBuildFile; productRef = 24D1289B2790887A00AD7F3D /* SnapKit */; };
		24D1289F2790AB4900AD7F3D /* Kingfisher in Frameworks */ = {isa = PBXBuildFile; productRef = 24D1289E2790AB4900AD7F3D /* Kingfisher */; };
		24DEBF4627ABB1D400C40B29 /* Lottie in Frameworks */ = {isa = PBXBuildFile; productRef = 24DEBF4527ABB1D400C40B29 /* Lottie */; };
/* End PBXBuildFile section */

/* Begin PBXFileReference section */
		24138A162805719400044F5E /* ExploreVC.swift */ = {isa = PBXFileReference; lastKnownFileType = sourcecode.swift; path = ExploreVC.swift; sourceTree = "<group>"; };
		24138A19280571CA00044F5E /* MenuController.swift */ = {isa = PBXFileReference; lastKnownFileType = sourcecode.swift; path = MenuController.swift; sourceTree = "<group>"; };
		24138A1B2805726200044F5E /* MenuView.swift */ = {isa = PBXFileReference; lastKnownFileType = sourcecode.swift; path = MenuView.swift; sourceTree = "<group>"; };
		24138A1D2805728300044F5E /* MenuItemView.swift */ = {isa = PBXFileReference; lastKnownFileType = sourcecode.swift; path = MenuItemView.swift; sourceTree = "<group>"; };
		24138A1F2805739B00044F5E /* MenuItem.swift */ = {isa = PBXFileReference; lastKnownFileType = sourcecode.swift; path = MenuItem.swift; sourceTree = "<group>"; };
		24138A222805748200044F5E /* MenuModels.swift */ = {isa = PBXFileReference; lastKnownFileType = sourcecode.swift; path = MenuModels.swift; sourceTree = "<group>"; };
		24138A262805ABEE00044F5E /* Assets.xcassets */ = {isa = PBXFileReference; lastKnownFileType = folder.assetcatalog; path = Assets.xcassets; sourceTree = "<group>"; };
		24138A282805AC7300044F5E /* Colors.swift */ = {isa = PBXFileReference; lastKnownFileType = sourcecode.swift; path = Colors.swift; sourceTree = "<group>"; };
		24138A2B2805AD6E00044F5E /* UIApplication+Extension.swift */ = {isa = PBXFileReference; fileEncoding = 4; lastKnownFileType = sourcecode.swift; path = "UIApplication+Extension.swift"; sourceTree = "<group>"; };
		24138A2C2805AD6E00044F5E /* UIColor+Extension.swift */ = {isa = PBXFileReference; fileEncoding = 4; lastKnownFileType = sourcecode.swift; path = "UIColor+Extension.swift"; sourceTree = "<group>"; };
		24138A2D2805AD6E00044F5E /* UIView+Extension.swift */ = {isa = PBXFileReference; fileEncoding = 4; lastKnownFileType = sourcecode.swift; path = "UIView+Extension.swift"; sourceTree = "<group>"; };
		24138A2E2805AD6E00044F5E /* UIImage+Extension.swift */ = {isa = PBXFileReference; fileEncoding = 4; lastKnownFileType = sourcecode.swift; path = "UIImage+Extension.swift"; sourceTree = "<group>"; };
		24138A2F2805AD6E00044F5E /* UIViewController+Extension.swift */ = {isa = PBXFileReference; fileEncoding = 4; lastKnownFileType = sourcecode.swift; path = "UIViewController+Extension.swift"; sourceTree = "<group>"; };
		24138A302805AD6E00044F5E /* String+Extension.swift */ = {isa = PBXFileReference; fileEncoding = 4; lastKnownFileType = sourcecode.swift; path = "String+Extension.swift"; sourceTree = "<group>"; };
		24138A312805AD6E00044F5E /* Array+Extension.swift */ = {isa = PBXFileReference; fileEncoding = 4; lastKnownFileType = sourcecode.swift; path = "Array+Extension.swift"; sourceTree = "<group>"; };
		2497157F27D9E15F00968E08 /* GoogleService-Info.plist */ = {isa = PBXFileReference; fileEncoding = 4; lastKnownFileType = text.plist.xml; path = "GoogleService-Info.plist"; sourceTree = "<group>"; };
		2497158727D9E3FB00968E08 /* AdSupport.framework */ = {isa = PBXFileReference; lastKnownFileType = wrapper.framework; name = AdSupport.framework; path = System/Library/Frameworks/AdSupport.framework; sourceTree = SDKROOT; };
		24D1286F27903ECD00AD7F3D /* Quoter.app */ = {isa = PBXFileReference; explicitFileType = wrapper.application; includeInIndex = 0; path = Quoter.app; sourceTree = BUILT_PRODUCTS_DIR; };
		24D1287227903ECD00AD7F3D /* AppDelegate.swift */ = {isa = PBXFileReference; lastKnownFileType = sourcecode.swift; path = AppDelegate.swift; sourceTree = "<group>"; };
		24D1287427903ECD00AD7F3D /* SceneDelegate.swift */ = {isa = PBXFileReference; lastKnownFileType = sourcecode.swift; path = SceneDelegate.swift; sourceTree = "<group>"; };
		24D1287E27903ECE00AD7F3D /* Base */ = {isa = PBXFileReference; lastKnownFileType = file.storyboard; name = Base; path = Base.lproj/LaunchScreen.storyboard; sourceTree = "<group>"; };
		24D1288027903ECE00AD7F3D /* Info.plist */ = {isa = PBXFileReference; lastKnownFileType = text.plist.xml; path = Info.plist; sourceTree = "<group>"; };
/* End PBXFileReference section */

/* Begin PBXFrameworksBuildPhase section */
		24D1286C27903ECD00AD7F3D /* Frameworks */ = {
			isa = PBXFrameworksBuildPhase;
			buildActionMask = 2147483647;
			files = (
				24A8407527C3A0F400BCF304 /* AnimatedCollectionViewLayout in Frameworks */,
				2497158927D9E40F00968E08 /* AdSupport.framework in Frameworks */,
				24D1289F2790AB4900AD7F3D /* Kingfisher in Frameworks */,
				2497158327D9E23400968E08 /* FirebaseAnalytics in Frameworks */,
				2497158527D9E23400968E08 /* FirebaseCrashlytics in Frameworks */,
				24D1289C2790887A00AD7F3D /* SnapKit in Frameworks */,
				24DEBF4627ABB1D400C40B29 /* Lottie in Frameworks */,
				249EDC1827C770A6005F7A9B /* TTGTags in Frameworks */,
			);
			runOnlyForDeploymentPostprocessing = 0;
		};
/* End PBXFrameworksBuildPhase section */

/* Begin PBXGroup section */
		24138A13280570BE00044F5E /* Presentation */ = {
			isa = PBXGroup;
			children = (
				24138A18280571AB00044F5E /* SharedElements */,
				24138A14280570C900044F5E /* Scenes */,
			);
			path = Presentation;
			sourceTree = "<group>";
		};
		24138A14280570C900044F5E /* Scenes */ = {
			isa = PBXGroup;
			children = (
				24138A15280570DC00044F5E /* Explore */,
			);
			path = Scenes;
			sourceTree = "<group>";
		};
		24138A15280570DC00044F5E /* Explore */ = {
			isa = PBXGroup;
			children = (
				24138A162805719400044F5E /* ExploreVC.swift */,
			);
			path = Explore;
			sourceTree = "<group>";
		};
		24138A18280571AB00044F5E /* SharedElements */ = {
			isa = PBXGroup;
			children = (
				24138A21280573B500044F5E /* MenuController */,
			);
			path = SharedElements;
			sourceTree = "<group>";
		};
		24138A21280573B500044F5E /* MenuController */ = {
			isa = PBXGroup;
			children = (
				24138A19280571CA00044F5E /* MenuController.swift */,
				24138A1B2805726200044F5E /* MenuView.swift */,
				24138A1D2805728300044F5E /* MenuItemView.swift */,
				24138A1F2805739B00044F5E /* MenuItem.swift */,
				24138A222805748200044F5E /* MenuModels.swift */,
			);
			path = MenuController;
			sourceTree = "<group>";
		};
		24138A2A2805AD6E00044F5E /* Extensions */ = {
			isa = PBXGroup;
			children = (
				24138A2B2805AD6E00044F5E /* UIApplication+Extension.swift */,
				24138A2C2805AD6E00044F5E /* UIColor+Extension.swift */,
				24138A2D2805AD6E00044F5E /* UIView+Extension.swift */,
				24138A2E2805AD6E00044F5E /* UIImage+Extension.swift */,
				24138A2F2805AD6E00044F5E /* UIViewController+Extension.swift */,
				24138A302805AD6E00044F5E /* String+Extension.swift */,
				24138A312805AD6E00044F5E /* Array+Extension.swift */,
			);
			path = Extensions;
			sourceTree = "<group>";
		};
		24138A392805AE9700044F5E /* Assets */ = {
			isa = PBXGroup;
			children = (
				24138A262805ABEE00044F5E /* Assets.xcassets */,
				24138A282805AC7300044F5E /* Colors.swift */,
			);
			path = Assets;
			sourceTree = "<group>";
		};
		2497158627D9E3FA00968E08 /* Frameworks */ = {
			isa = PBXGroup;
			children = (
				2497158727D9E3FB00968E08 /* AdSupport.framework */,
			);
			name = Frameworks;
			sourceTree = "<group>";
		};
		24D1286627903ECD00AD7F3D = {
			isa = PBXGroup;
			children = (
				24D1287127903ECD00AD7F3D /* Quoter */,
				24D1287027903ECD00AD7F3D /* Products */,
				2497158627D9E3FA00968E08 /* Frameworks */,
			);
			sourceTree = "<group>";
		};
		24D1287027903ECD00AD7F3D /* Products */ = {
			isa = PBXGroup;
			children = (
				24D1286F27903ECD00AD7F3D /* Quoter.app */,
			);
			name = Products;
			sourceTree = "<group>";
		};
		24D1287127903ECD00AD7F3D /* Quoter */ = {
			isa = PBXGroup;
			children = (
				24D1288627903F5900AD7F3D /* App */,
				24138A392805AE9700044F5E /* Assets */,
				24138A2A2805AD6E00044F5E /* Extensions */,
				24138A13280570BE00044F5E /* Presentation */,
				24D1287D27903ECE00AD7F3D /* LaunchScreen.storyboard */,
				24D1288027903ECE00AD7F3D /* Info.plist */,
				2497157F27D9E15F00968E08 /* GoogleService-Info.plist */,
			);
			path = Quoter;
			sourceTree = "<group>";
		};
		24D1288627903F5900AD7F3D /* App */ = {
			isa = PBXGroup;
			children = (
				24D1287227903ECD00AD7F3D /* AppDelegate.swift */,
				24D1287427903ECD00AD7F3D /* SceneDelegate.swift */,
			);
			path = App;
			sourceTree = "<group>";
		};
/* End PBXGroup section */

/* Begin PBXNativeTarget section */
		24D1286E27903ECD00AD7F3D /* Quoter */ = {
			isa = PBXNativeTarget;
			buildConfigurationList = 24D1288327903ECE00AD7F3D /* Build configuration list for PBXNativeTarget "Quoter" */;
			buildPhases = (
				24D1286B27903ECD00AD7F3D /* Sources */,
				24D1286C27903ECD00AD7F3D /* Frameworks */,
				24D1286D27903ECD00AD7F3D /* Resources */,
			);
			buildRules = (
			);
			dependencies = (
			);
			name = Quoter;
			packageProductDependencies = (
				24D1289B2790887A00AD7F3D /* SnapKit */,
				24D1289E2790AB4900AD7F3D /* Kingfisher */,
				24DEBF4527ABB1D400C40B29 /* Lottie */,
				24A8407427C3A0F400BCF304 /* AnimatedCollectionViewLayout */,
				249EDC1727C770A6005F7A9B /* TTGTags */,
				2497158227D9E23400968E08 /* FirebaseAnalytics */,
				2497158427D9E23400968E08 /* FirebaseCrashlytics */,
			);
			productName = Quoter;
			productReference = 24D1286F27903ECD00AD7F3D /* Quoter.app */;
			productType = "com.apple.product-type.application";
		};
/* End PBXNativeTarget section */

/* Begin PBXProject section */
		24D1286727903ECD00AD7F3D /* Project object */ = {
			isa = PBXProject;
			attributes = {
				BuildIndependentTargetsInParallel = 1;
				LastSwiftUpdateCheck = 1320;
				LastUpgradeCheck = 1320;
				TargetAttributes = {
					24D1286E27903ECD00AD7F3D = {
						CreatedOnToolsVersion = 13.2;
					};
				};
			};
			buildConfigurationList = 24D1286A27903ECD00AD7F3D /* Build configuration list for PBXProject "Quoter" */;
			compatibilityVersion = "Xcode 13.0";
			developmentRegion = en;
			hasScannedForEncodings = 0;
			knownRegions = (
				en,
				Base,
			);
			mainGroup = 24D1286627903ECD00AD7F3D;
			packageReferences = (
				24D1289A2790887A00AD7F3D /* XCRemoteSwiftPackageReference "SnapKit" */,
				24D1289D2790AB4900AD7F3D /* XCRemoteSwiftPackageReference "Kingfisher" */,
				24DEBF4427ABB1D400C40B29 /* XCRemoteSwiftPackageReference "lottie-ios" */,
				24A8407327C3A0F400BCF304 /* XCRemoteSwiftPackageReference "AnimatedCollectionViewLayout" */,
				249EDC1627C770A6005F7A9B /* XCRemoteSwiftPackageReference "TTGTagCollectionView" */,
				2497158127D9E23400968E08 /* XCRemoteSwiftPackageReference "firebase-ios-sdk" */,
			);
			productRefGroup = 24D1287027903ECD00AD7F3D /* Products */;
			projectDirPath = "";
			projectRoot = "";
			targets = (
				24D1286E27903ECD00AD7F3D /* Quoter */,
			);
		};
/* End PBXProject section */

/* Begin PBXResourcesBuildPhase section */
		24D1286D27903ECD00AD7F3D /* Resources */ = {
			isa = PBXResourcesBuildPhase;
			buildActionMask = 2147483647;
			files = (
				24D1287F27903ECE00AD7F3D /* LaunchScreen.storyboard in Resources */,
				2497158027D9E15F00968E08 /* GoogleService-Info.plist in Resources */,
				24138A272805ABEE00044F5E /* Assets.xcassets in Resources */,
			);
			runOnlyForDeploymentPostprocessing = 0;
		};
/* End PBXResourcesBuildPhase section */

/* Begin PBXSourcesBuildPhase section */
		24D1286B27903ECD00AD7F3D /* Sources */ = {
			isa = PBXSourcesBuildPhase;
			buildActionMask = 2147483647;
			files = (
				24138A352805AD6E00044F5E /* UIImage+Extension.swift in Sources */,
				24138A232805748200044F5E /* MenuModels.swift in Sources */,
				24138A292805AC7300044F5E /* Colors.swift in Sources */,
				24138A1C2805726200044F5E /* MenuView.swift in Sources */,
				24138A362805AD6E00044F5E /* UIViewController+Extension.swift in Sources */,
				24138A332805AD6E00044F5E /* UIColor+Extension.swift in Sources */,
				24138A202805739B00044F5E /* MenuItem.swift in Sources */,
				24138A382805AD6E00044F5E /* Array+Extension.swift in Sources */,
				24138A1A280571CA00044F5E /* MenuController.swift in Sources */,
				24138A342805AD6E00044F5E /* UIView+Extension.swift in Sources */,
				24138A1E2805728300044F5E /* MenuItemView.swift in Sources */,
				24138A172805719400044F5E /* ExploreVC.swift in Sources */,
				24D1287327903ECD00AD7F3D /* AppDelegate.swift in Sources */,
				24138A322805AD6E00044F5E /* UIApplication+Extension.swift in Sources */,
				24138A372805AD6E00044F5E /* String+Extension.swift in Sources */,
				24D1287527903ECD00AD7F3D /* SceneDelegate.swift in Sources */,
			);
			runOnlyForDeploymentPostprocessing = 0;
		};
/* End PBXSourcesBuildPhase section */

/* Begin PBXVariantGroup section */
		24D1287D27903ECE00AD7F3D /* LaunchScreen.storyboard */ = {
			isa = PBXVariantGroup;
			children = (
				24D1287E27903ECE00AD7F3D /* Base */,
			);
			name = LaunchScreen.storyboard;
			sourceTree = "<group>";
		};
/* End PBXVariantGroup section */

/* Begin XCBuildConfiguration section */
		24D1288127903ECE00AD7F3D /* Debug */ = {
			isa = XCBuildConfiguration;
			buildSettings = {
				ALWAYS_SEARCH_USER_PATHS = NO;
				CLANG_ANALYZER_NONNULL = YES;
				CLANG_ANALYZER_NUMBER_OBJECT_CONVERSION = YES_AGGRESSIVE;
				CLANG_CXX_LANGUAGE_STANDARD = "gnu++17";
				CLANG_CXX_LIBRARY = "libc++";
				CLANG_ENABLE_MODULES = YES;
				CLANG_ENABLE_OBJC_ARC = YES;
				CLANG_ENABLE_OBJC_WEAK = YES;
				CLANG_WARN_BLOCK_CAPTURE_AUTORELEASING = YES;
				CLANG_WARN_BOOL_CONVERSION = YES;
				CLANG_WARN_COMMA = YES;
				CLANG_WARN_CONSTANT_CONVERSION = YES;
				CLANG_WARN_DEPRECATED_OBJC_IMPLEMENTATIONS = YES;
				CLANG_WARN_DIRECT_OBJC_ISA_USAGE = YES_ERROR;
				CLANG_WARN_DOCUMENTATION_COMMENTS = YES;
				CLANG_WARN_EMPTY_BODY = YES;
				CLANG_WARN_ENUM_CONVERSION = YES;
				CLANG_WARN_INFINITE_RECURSION = YES;
				CLANG_WARN_INT_CONVERSION = YES;
				CLANG_WARN_NON_LITERAL_NULL_CONVERSION = YES;
				CLANG_WARN_OBJC_IMPLICIT_RETAIN_SELF = YES;
				CLANG_WARN_OBJC_LITERAL_CONVERSION = YES;
				CLANG_WARN_OBJC_ROOT_CLASS = YES_ERROR;
				CLANG_WARN_QUOTED_INCLUDE_IN_FRAMEWORK_HEADER = YES;
				CLANG_WARN_RANGE_LOOP_ANALYSIS = YES;
				CLANG_WARN_STRICT_PROTOTYPES = YES;
				CLANG_WARN_SUSPICIOUS_MOVE = YES;
				CLANG_WARN_UNGUARDED_AVAILABILITY = YES_AGGRESSIVE;
				CLANG_WARN_UNREACHABLE_CODE = YES;
				CLANG_WARN__DUPLICATE_METHOD_MATCH = YES;
				COPY_PHASE_STRIP = NO;
				DEBUG_INFORMATION_FORMAT = dwarf;
				ENABLE_STRICT_OBJC_MSGSEND = YES;
				ENABLE_TESTABILITY = YES;
				GCC_C_LANGUAGE_STANDARD = gnu11;
				GCC_DYNAMIC_NO_PIC = NO;
				GCC_NO_COMMON_BLOCKS = YES;
				GCC_OPTIMIZATION_LEVEL = 0;
				GCC_PREPROCESSOR_DEFINITIONS = (
					"DEBUG=1",
					"$(inherited)",
				);
				GCC_WARN_64_TO_32_BIT_CONVERSION = YES;
				GCC_WARN_ABOUT_RETURN_TYPE = YES_ERROR;
				GCC_WARN_UNDECLARED_SELECTOR = YES;
				GCC_WARN_UNINITIALIZED_AUTOS = YES_AGGRESSIVE;
				GCC_WARN_UNUSED_FUNCTION = YES;
				GCC_WARN_UNUSED_VARIABLE = YES;
				IPHONEOS_DEPLOYMENT_TARGET = 15.0;
				MTL_ENABLE_DEBUG_INFO = INCLUDE_SOURCE;
				MTL_FAST_MATH = YES;
				ONLY_ACTIVE_ARCH = YES;
				SDKROOT = iphoneos;
				SWIFT_ACTIVE_COMPILATION_CONDITIONS = DEBUG;
				SWIFT_OPTIMIZATION_LEVEL = "-Onone";
			};
			name = Debug;
		};
		24D1288227903ECE00AD7F3D /* Release */ = {
			isa = XCBuildConfiguration;
			buildSettings = {
				ALWAYS_SEARCH_USER_PATHS = NO;
				CLANG_ANALYZER_NONNULL = YES;
				CLANG_ANALYZER_NUMBER_OBJECT_CONVERSION = YES_AGGRESSIVE;
				CLANG_CXX_LANGUAGE_STANDARD = "gnu++17";
				CLANG_CXX_LIBRARY = "libc++";
				CLANG_ENABLE_MODULES = YES;
				CLANG_ENABLE_OBJC_ARC = YES;
				CLANG_ENABLE_OBJC_WEAK = YES;
				CLANG_WARN_BLOCK_CAPTURE_AUTORELEASING = YES;
				CLANG_WARN_BOOL_CONVERSION = YES;
				CLANG_WARN_COMMA = YES;
				CLANG_WARN_CONSTANT_CONVERSION = YES;
				CLANG_WARN_DEPRECATED_OBJC_IMPLEMENTATIONS = YES;
				CLANG_WARN_DIRECT_OBJC_ISA_USAGE = YES_ERROR;
				CLANG_WARN_DOCUMENTATION_COMMENTS = YES;
				CLANG_WARN_EMPTY_BODY = YES;
				CLANG_WARN_ENUM_CONVERSION = YES;
				CLANG_WARN_INFINITE_RECURSION = YES;
				CLANG_WARN_INT_CONVERSION = YES;
				CLANG_WARN_NON_LITERAL_NULL_CONVERSION = YES;
				CLANG_WARN_OBJC_IMPLICIT_RETAIN_SELF = YES;
				CLANG_WARN_OBJC_LITERAL_CONVERSION = YES;
				CLANG_WARN_OBJC_ROOT_CLASS = YES_ERROR;
				CLANG_WARN_QUOTED_INCLUDE_IN_FRAMEWORK_HEADER = YES;
				CLANG_WARN_RANGE_LOOP_ANALYSIS = YES;
				CLANG_WARN_STRICT_PROTOTYPES = YES;
				CLANG_WARN_SUSPICIOUS_MOVE = YES;
				CLANG_WARN_UNGUARDED_AVAILABILITY = YES_AGGRESSIVE;
				CLANG_WARN_UNREACHABLE_CODE = YES;
				CLANG_WARN__DUPLICATE_METHOD_MATCH = YES;
				COPY_PHASE_STRIP = NO;
				DEBUG_INFORMATION_FORMAT = "dwarf-with-dsym";
				ENABLE_NS_ASSERTIONS = NO;
				ENABLE_STRICT_OBJC_MSGSEND = YES;
				GCC_C_LANGUAGE_STANDARD = gnu11;
				GCC_NO_COMMON_BLOCKS = YES;
				GCC_WARN_64_TO_32_BIT_CONVERSION = YES;
				GCC_WARN_ABOUT_RETURN_TYPE = YES_ERROR;
				GCC_WARN_UNDECLARED_SELECTOR = YES;
				GCC_WARN_UNINITIALIZED_AUTOS = YES_AGGRESSIVE;
				GCC_WARN_UNUSED_FUNCTION = YES;
				GCC_WARN_UNUSED_VARIABLE = YES;
				IPHONEOS_DEPLOYMENT_TARGET = 15.0;
				MTL_ENABLE_DEBUG_INFO = NO;
				MTL_FAST_MATH = YES;
				SDKROOT = iphoneos;
				SWIFT_COMPILATION_MODE = wholemodule;
				SWIFT_OPTIMIZATION_LEVEL = "-O";
				VALIDATE_PRODUCT = YES;
			};
			name = Release;
		};
		24D1288427903ECE00AD7F3D /* Debug */ = {
			isa = XCBuildConfiguration;
			buildSettings = {
				ASSETCATALOG_COMPILER_APPICON_NAME = AppIcon;
				ASSETCATALOG_COMPILER_GLOBAL_ACCENT_COLOR_NAME = AccentColor;
				CODE_SIGN_STYLE = Automatic;
				CURRENT_PROJECT_VERSION = 5;
				DEVELOPMENT_TEAM = 24V5M6ZW7B;
				GENERATE_INFOPLIST_FILE = YES;
				INFOPLIST_FILE = Quoter/Info.plist;
				INFOPLIST_KEY_CFBundleDisplayName = Quotie;
				INFOPLIST_KEY_UIApplicationSupportsIndirectInputEvents = YES;
				INFOPLIST_KEY_UILaunchStoryboardName = LaunchScreen;
				INFOPLIST_KEY_UISupportedInterfaceOrientations = UIInterfaceOrientationPortrait;
				INFOPLIST_KEY_UISupportedInterfaceOrientations_iPad = "UIInterfaceOrientationPortrait UIInterfaceOrientationPortraitUpsideDown UIInterfaceOrientationLandscapeLeft UIInterfaceOrientationLandscapeRight";
				INFOPLIST_KEY_UISupportedInterfaceOrientations_iPhone = "UIInterfaceOrientationPortrait UIInterfaceOrientationLandscapeLeft UIInterfaceOrientationLandscapeRight";
				LD_RUNPATH_SEARCH_PATHS = (
					"$(inherited)",
					"@executable_path/Frameworks",
				);
				MARKETING_VERSION = 1.0.2;
				PRODUCT_BUNDLE_IDENTIFIER = com.quotism;
				PRODUCT_NAME = "$(TARGET_NAME)";
				SWIFT_EMIT_LOC_STRINGS = YES;
				SWIFT_VERSION = 5.0;
				TARGETED_DEVICE_FAMILY = 1;
			};
			name = Debug;
		};
		24D1288527903ECE00AD7F3D /* Release */ = {
			isa = XCBuildConfiguration;
			buildSettings = {
				ASSETCATALOG_COMPILER_APPICON_NAME = AppIcon;
				ASSETCATALOG_COMPILER_GLOBAL_ACCENT_COLOR_NAME = AccentColor;
				CODE_SIGN_STYLE = Automatic;
				CURRENT_PROJECT_VERSION = 5;
				DEVELOPMENT_TEAM = 24V5M6ZW7B;
				GENERATE_INFOPLIST_FILE = YES;
				INFOPLIST_FILE = Quoter/Info.plist;
				INFOPLIST_KEY_CFBundleDisplayName = Quotie;
				INFOPLIST_KEY_UIApplicationSupportsIndirectInputEvents = YES;
				INFOPLIST_KEY_UILaunchStoryboardName = LaunchScreen;
				INFOPLIST_KEY_UISupportedInterfaceOrientations = UIInterfaceOrientationPortrait;
				INFOPLIST_KEY_UISupportedInterfaceOrientations_iPad = "UIInterfaceOrientationPortrait UIInterfaceOrientationPortraitUpsideDown UIInterfaceOrientationLandscapeLeft UIInterfaceOrientationLandscapeRight";
				INFOPLIST_KEY_UISupportedInterfaceOrientations_iPhone = "UIInterfaceOrientationPortrait UIInterfaceOrientationLandscapeLeft UIInterfaceOrientationLandscapeRight";
				LD_RUNPATH_SEARCH_PATHS = (
					"$(inherited)",
					"@executable_path/Frameworks",
				);
				MARKETING_VERSION = 1.0.2;
				PRODUCT_BUNDLE_IDENTIFIER = com.quotism;
				PRODUCT_NAME = "$(TARGET_NAME)";
				SWIFT_EMIT_LOC_STRINGS = YES;
				SWIFT_VERSION = 5.0;
				TARGETED_DEVICE_FAMILY = 1;
			};
			name = Release;
		};
/* End XCBuildConfiguration section */

/* Begin XCConfigurationList section */
		24D1286A27903ECD00AD7F3D /* Build configuration list for PBXProject "Quoter" */ = {
			isa = XCConfigurationList;
			buildConfigurations = (
				24D1288127903ECE00AD7F3D /* Debug */,
				24D1288227903ECE00AD7F3D /* Release */,
			);
			defaultConfigurationIsVisible = 0;
			defaultConfigurationName = Release;
		};
		24D1288327903ECE00AD7F3D /* Build configuration list for PBXNativeTarget "Quoter" */ = {
			isa = XCConfigurationList;
			buildConfigurations = (
				24D1288427903ECE00AD7F3D /* Debug */,
				24D1288527903ECE00AD7F3D /* Release */,
			);
			defaultConfigurationIsVisible = 0;
			defaultConfigurationName = Release;
		};
/* End XCConfigurationList section */

/* Begin XCRemoteSwiftPackageReference section */
		2497158127D9E23400968E08 /* XCRemoteSwiftPackageReference "firebase-ios-sdk" */ = {
			isa = XCRemoteSwiftPackageReference;
			repositoryURL = "https://github.com/firebase/firebase-ios-sdk";
			requirement = {
				kind = upToNextMajorVersion;
				minimumVersion = 8.0.0;
			};
		};
		249EDC1627C770A6005F7A9B /* XCRemoteSwiftPackageReference "TTGTagCollectionView" */ = {
			isa = XCRemoteSwiftPackageReference;
			repositoryURL = "https://github.com/zekunyan/TTGTagCollectionView";
			requirement = {
				kind = upToNextMajorVersion;
				minimumVersion = 2.0.0;
			};
		};
		24A8407327C3A0F400BCF304 /* XCRemoteSwiftPackageReference "AnimatedCollectionViewLayout" */ = {
			isa = XCRemoteSwiftPackageReference;
			repositoryURL = "https://github.com/KelvinJin/AnimatedCollectionViewLayout";
			requirement = {
				kind = upToNextMajorVersion;
				minimumVersion = 1.0.0;
			};
		};
		24D1289A2790887A00AD7F3D /* XCRemoteSwiftPackageReference "SnapKit" */ = {
			isa = XCRemoteSwiftPackageReference;
			repositoryURL = "https://github.com/SnapKit/SnapKit";
			requirement = {
				kind = upToNextMajorVersion;
				minimumVersion = 5.0.0;
			};
		};
		24D1289D2790AB4900AD7F3D /* XCRemoteSwiftPackageReference "Kingfisher" */ = {
			isa = XCRemoteSwiftPackageReference;
			repositoryURL = "https://github.com/onevcat/Kingfisher";
			requirement = {
				kind = upToNextMajorVersion;
				minimumVersion = 7.0.0;
			};
		};
		24DEBF4427ABB1D400C40B29 /* XCRemoteSwiftPackageReference "lottie-ios" */ = {
			isa = XCRemoteSwiftPackageReference;
			repositoryURL = "https://github.com/LottieFiles/lottie-ios";
			requirement = {
				kind = upToNextMajorVersion;
				minimumVersion = 3.0.0;
			};
		};
/* End XCRemoteSwiftPackageReference section */

/* Begin XCSwiftPackageProductDependency section */
		2497158227D9E23400968E08 /* FirebaseAnalytics */ = {
			isa = XCSwiftPackageProductDependency;
			package = 2497158127D9E23400968E08 /* XCRemoteSwiftPackageReference "firebase-ios-sdk" */;
			productName = FirebaseAnalytics;
		};
		2497158427D9E23400968E08 /* FirebaseCrashlytics */ = {
			isa = XCSwiftPackageProductDependency;
			package = 2497158127D9E23400968E08 /* XCRemoteSwiftPackageReference "firebase-ios-sdk" */;
			productName = FirebaseCrashlytics;
		};
		249EDC1727C770A6005F7A9B /* TTGTags */ = {
			isa = XCSwiftPackageProductDependency;
			package = 249EDC1627C770A6005F7A9B /* XCRemoteSwiftPackageReference "TTGTagCollectionView" */;
			productName = TTGTags;
		};
		24A8407427C3A0F400BCF304 /* AnimatedCollectionViewLayout */ = {
			isa = XCSwiftPackageProductDependency;
			package = 24A8407327C3A0F400BCF304 /* XCRemoteSwiftPackageReference "AnimatedCollectionViewLayout" */;
			productName = AnimatedCollectionViewLayout;
		};
		24D1289B2790887A00AD7F3D /* SnapKit */ = {
			isa = XCSwiftPackageProductDependency;
			package = 24D1289A2790887A00AD7F3D /* XCRemoteSwiftPackageReference "SnapKit" */;
			productName = SnapKit;
		};
		24D1289E2790AB4900AD7F3D /* Kingfisher */ = {
			isa = XCSwiftPackageProductDependency;
			package = 24D1289D2790AB4900AD7F3D /* XCRemoteSwiftPackageReference "Kingfisher" */;
			productName = Kingfisher;
		};
		24DEBF4527ABB1D400C40B29 /* Lottie */ = {
			isa = XCSwiftPackageProductDependency;
			package = 24DEBF4427ABB1D400C40B29 /* XCRemoteSwiftPackageReference "lottie-ios" */;
			productName = Lottie;
		};
/* End XCSwiftPackageProductDependency section */
	};
	rootObject = 24D1286727903ECD00AD7F3D /* Project object */;
}
