// !$*UTF8*$!
{
	archiveVersion = 1;
	classes = {
	};
	objectVersion = 55;
	objects = {

/* Begin PBXBuildFile section */
		240028272858B34F005220D7 /* UICollectionView+Extension.swift in Sources */ = {isa = PBXBuildFile; fileRef = 240028262858B34F005220D7 /* UICollectionView+Extension.swift */; };
		24138A172805719400044F5E /* ExploreVC.swift in Sources */ = {isa = PBXBuildFile; fileRef = 24138A162805719400044F5E /* ExploreVC.swift */; };
		24138A1A280571CA00044F5E /* MenuVC.swift in Sources */ = {isa = PBXBuildFile; fileRef = 24138A19280571CA00044F5E /* MenuVC.swift */; };
		24138A1C2805726200044F5E /* MenuView.swift in Sources */ = {isa = PBXBuildFile; fileRef = 24138A1B2805726200044F5E /* MenuView.swift */; };
		24138A1E2805728300044F5E /* MenuItemView.swift in Sources */ = {isa = PBXBuildFile; fileRef = 24138A1D2805728300044F5E /* MenuItemView.swift */; };
		24138A202805739B00044F5E /* MenuItem.swift in Sources */ = {isa = PBXBuildFile; fileRef = 24138A1F2805739B00044F5E /* MenuItem.swift */; };
		24138A232805748200044F5E /* MenuModels.swift in Sources */ = {isa = PBXBuildFile; fileRef = 24138A222805748200044F5E /* MenuModels.swift */; };
		24138A272805ABEE00044F5E /* Assets.xcassets in Resources */ = {isa = PBXBuildFile; fileRef = 24138A262805ABEE00044F5E /* Assets.xcassets */; };
		24138A292805AC7300044F5E /* Colors.swift in Sources */ = {isa = PBXBuildFile; fileRef = 24138A282805AC7300044F5E /* Colors.swift */; };
		24138A322805AD6E00044F5E /* UIApplication+Extension.swift in Sources */ = {isa = PBXBuildFile; fileRef = 24138A2B2805AD6E00044F5E /* UIApplication+Extension.swift */; };
		24138A332805AD6E00044F5E /* UIColor+Extension.swift in Sources */ = {isa = PBXBuildFile; fileRef = 24138A2C2805AD6E00044F5E /* UIColor+Extension.swift */; };
		24138A342805AD6E00044F5E /* UIView+Extension.swift in Sources */ = {isa = PBXBuildFile; fileRef = 24138A2D2805AD6E00044F5E /* UIView+Extension.swift */; };
		24138A352805AD6E00044F5E /* UIImage+Extension.swift in Sources */ = {isa = PBXBuildFile; fileRef = 24138A2E2805AD6E00044F5E /* UIImage+Extension.swift */; };
		24138A362805AD6E00044F5E /* UIViewController+Extension.swift in Sources */ = {isa = PBXBuildFile; fileRef = 24138A2F2805AD6E00044F5E /* UIViewController+Extension.swift */; };
		24138A372805AD6E00044F5E /* String+Extension.swift in Sources */ = {isa = PBXBuildFile; fileRef = 24138A302805AD6E00044F5E /* String+Extension.swift */; };
		24138A3B2805B16600044F5E /* MenuIcons.swift in Sources */ = {isa = PBXBuildFile; fileRef = 24138A3A2805B16600044F5E /* MenuIcons.swift */; };
		24138A3D2805B39F00044F5E /* Constants.swift in Sources */ = {isa = PBXBuildFile; fileRef = 24138A3C2805B39F00044F5E /* Constants.swift */; };
		24138A3F2805B90800044F5E /* GalleryVC.swift in Sources */ = {isa = PBXBuildFile; fileRef = 24138A3E2805B90800044F5E /* GalleryVC.swift */; };
		241A2A22285B4655005681C5 /* AuthorTableHeaderView.swift in Sources */ = {isa = PBXBuildFile; fileRef = 241A2A21285B4655005681C5 /* AuthorTableHeaderView.swift */; };
		241A2A24285B4902005681C5 /* AuthorEntities.swift in Sources */ = {isa = PBXBuildFile; fileRef = 241A2A23285B4902005681C5 /* AuthorEntities.swift */; };
		241A2A27285B5D34005681C5 /* AuthorNetworkWorker.swift in Sources */ = {isa = PBXBuildFile; fileRef = 241A2A26285B5D34005681C5 /* AuthorNetworkWorker.swift */; };
		241FF790285F20C500646809 /* simpleLoading.json in Resources */ = {isa = PBXBuildFile; fileRef = 241FF78F285F20C500646809 /* simpleLoading.json */; };
		241FF792285F670500646809 /* SectionTitleView.swift in Sources */ = {isa = PBXBuildFile; fileRef = 241FF791285F670500646809 /* SectionTitleView.swift */; };
		242E31EE285361BC00AB4C22 /* UIImageView+Extension.swift in Sources */ = {isa = PBXBuildFile; fileRef = 242E31ED285361BC00AB4C22 /* UIImageView+Extension.swift */; };
		24484AD42837C07900D3BFA8 /* QuoteButtonView.swift in Sources */ = {isa = PBXBuildFile; fileRef = 24484AD32837C07900D3BFA8 /* QuoteButtonView.swift */; };
		2458D29428097EBB0088C00E /* DailyQuotesVC.swift in Sources */ = {isa = PBXBuildFile; fileRef = 2458D29328097EBB0088C00E /* DailyQuotesVC.swift */; };
		2458D2982809A25B0088C00E /* ExploreView.swift in Sources */ = {isa = PBXBuildFile; fileRef = 2458D2972809A25B0088C00E /* ExploreView.swift */; };
		2458D29A2809A51A0088C00E /* ExploreCell.swift in Sources */ = {isa = PBXBuildFile; fileRef = 2458D2992809A51A0088C00E /* ExploreCell.swift */; };
		2459D5B12843B712001D1812 /* ExploreLayout.swift in Sources */ = {isa = PBXBuildFile; fileRef = 2459D5B02843B712001D1812 /* ExploreLayout.swift */; };
		246700B22859D1A9004C64EB /* AuthorVC.swift in Sources */ = {isa = PBXBuildFile; fileRef = 246700B12859D1A9004C64EB /* AuthorVC.swift */; };
		246700B42859D1B7004C64EB /* AuthorInteractor.swift in Sources */ = {isa = PBXBuildFile; fileRef = 246700B32859D1B7004C64EB /* AuthorInteractor.swift */; };
		246700B62859D1C2004C64EB /* AuthorPresenter.swift in Sources */ = {isa = PBXBuildFile; fileRef = 246700B52859D1C2004C64EB /* AuthorPresenter.swift */; };
		246700B82859D1CD004C64EB /* AuthorRouter.swift in Sources */ = {isa = PBXBuildFile; fileRef = 246700B72859D1CD004C64EB /* AuthorRouter.swift */; };
		246700BB2859D1EA004C64EB /* AuthorView.swift in Sources */ = {isa = PBXBuildFile; fileRef = 246700BA2859D1EA004C64EB /* AuthorView.swift */; };
		246B828A28311DBB00D44DF5 /* Endpoints.swift in Sources */ = {isa = PBXBuildFile; fileRef = 246B828428311DBB00D44DF5 /* Endpoints.swift */; };
		246B828F28311DBB00D44DF5 /* QuotieEndpoint.swift in Sources */ = {isa = PBXBuildFile; fileRef = 246B828928311DBB00D44DF5 /* QuotieEndpoint.swift */; };
		246B829128311E9300D44DF5 /* QuotieCategoriesEndpoint.swift in Sources */ = {isa = PBXBuildFile; fileRef = 246B829028311E9300D44DF5 /* QuotieCategoriesEndpoint.swift */; };
		246B82942831200A00D44DF5 /* QuoteModel.swift in Sources */ = {isa = PBXBuildFile; fileRef = 246B82932831200A00D44DF5 /* QuoteModel.swift */; };
		246B82962831204E00D44DF5 /* NetworkWorker.swift in Sources */ = {isa = PBXBuildFile; fileRef = 246B82952831204E00D44DF5 /* NetworkWorker.swift */; };
		246B8298283121A600D44DF5 /* ExploreNetworkWorker.swift in Sources */ = {isa = PBXBuildFile; fileRef = 246B8297283121A600D44DF5 /* ExploreNetworkWorker.swift */; };
		246B829A283124A600D44DF5 /* CategoriesModel.swift in Sources */ = {isa = PBXBuildFile; fileRef = 246B8299283124A600D44DF5 /* CategoriesModel.swift */; };
		246B829C283137B400D44DF5 /* ExploreInteractor.swift in Sources */ = {isa = PBXBuildFile; fileRef = 246B829B283137B400D44DF5 /* ExploreInteractor.swift */; };
		246B829E283137C700D44DF5 /* ExplorePresenter.swift in Sources */ = {isa = PBXBuildFile; fileRef = 246B829D283137C700D44DF5 /* ExplorePresenter.swift */; };
		246B82A0283137D800D44DF5 /* ExploreRouter.swift in Sources */ = {isa = PBXBuildFile; fileRef = 246B829F283137D800D44DF5 /* ExploreRouter.swift */; };
		246B82A428313DE000D44DF5 /* SDWebImage in Frameworks */ = {isa = PBXBuildFile; productRef = 246B82A328313DE000D44DF5 /* SDWebImage */; };
		246B82A72831464B00D44DF5 /* ExploreEntities.swift in Sources */ = {isa = PBXBuildFile; fileRef = 246B82A62831464B00D44DF5 /* ExploreEntities.swift */; };
		2470F654284E316800B6124D /* FilterVC.swift in Sources */ = {isa = PBXBuildFile; fileRef = 2470F653284E316800B6124D /* FilterVC.swift */; };
		2470F659284E322800B6124D /* FilterInteractor.swift in Sources */ = {isa = PBXBuildFile; fileRef = 2470F658284E322800B6124D /* FilterInteractor.swift */; };
		2470F65B284E328400B6124D /* FilterPresenter.swift in Sources */ = {isa = PBXBuildFile; fileRef = 2470F65A284E328400B6124D /* FilterPresenter.swift */; };
		2470F65D284E32DD00B6124D /* FilterRouter.swift in Sources */ = {isa = PBXBuildFile; fileRef = 2470F65C284E32DD00B6124D /* FilterRouter.swift */; };
		248C54142850BD600080FBBE /* ModalViewWithTopBorder.swift in Sources */ = {isa = PBXBuildFile; fileRef = 248C54132850BD600080FBBE /* ModalViewWithTopBorder.swift */; };
		248C54172850E7280080FBBE /* FilterView.swift in Sources */ = {isa = PBXBuildFile; fileRef = 248C54162850E7280080FBBE /* FilterView.swift */; };
		2497158027D9E15F00968E08 /* GoogleService-Info.plist in Resources */ = {isa = PBXBuildFile; fileRef = 2497157F27D9E15F00968E08 /* GoogleService-Info.plist */; };
		2497158327D9E23400968E08 /* FirebaseAnalytics in Frameworks */ = {isa = PBXBuildFile; productRef = 2497158227D9E23400968E08 /* FirebaseAnalytics */; };
		2497158527D9E23400968E08 /* FirebaseCrashlytics in Frameworks */ = {isa = PBXBuildFile; productRef = 2497158427D9E23400968E08 /* FirebaseCrashlytics */; };
		2497158927D9E40F00968E08 /* AdSupport.framework in Frameworks */ = {isa = PBXBuildFile; fileRef = 2497158727D9E3FB00968E08 /* AdSupport.framework */; };
		249BE4AC285DCBF600D30127 /* UITableView+Extension.swift in Sources */ = {isa = PBXBuildFile; fileRef = 249BE4AB285DCBF600D30127 /* UITableView+Extension.swift */; };
		24A71A31285C96F800835E8C /* AuthorCellsManager.swift in Sources */ = {isa = PBXBuildFile; fileRef = 24A71A30285C96F800835E8C /* AuthorCellsManager.swift */; };
		24A71A36285CC22100835E8C /* AuthorQuotesForSectionCellObject.swift in Sources */ = {isa = PBXBuildFile; fileRef = 24A71A35285CC22100835E8C /* AuthorQuotesForSectionCellObject.swift */; };
		24A71A38285CC26E00835E8C /* OtherAuthorsForSectionCellObject.swift in Sources */ = {isa = PBXBuildFile; fileRef = 24A71A37285CC26E00835E8C /* OtherAuthorsForSectionCellObject.swift */; };
		24A8CEA5284B8EC000B5F6F2 /* ExploreScreenshotCell.swift in Sources */ = {isa = PBXBuildFile; fileRef = 24A8CEA4284B8EC000B5F6F2 /* ExploreScreenshotCell.swift */; };
		24CD4C0C2844A6C300A63968 /* wakeup.json in Resources */ = {isa = PBXBuildFile; fileRef = 24CD4C0B2844A6C300A63968 /* wakeup.json */; };
		24CD4C0E2844B23700A63968 /* DeviceModel.swift in Sources */ = {isa = PBXBuildFile; fileRef = 24CD4C0D2844B23700A63968 /* DeviceModel.swift */; };
		24D018F6280ADE150031C14B /* ArrowButtonView.swift in Sources */ = {isa = PBXBuildFile; fileRef = 24D018F5280ADE150031C14B /* ArrowButtonView.swift */; };
		24D018F9280ADE880031C14B /* ExploreIcons.swift in Sources */ = {isa = PBXBuildFile; fileRef = 24D018F8280ADE880031C14B /* ExploreIcons.swift */; };
		24D018FB280B1A460031C14B /* UILabel+Extension.swift in Sources */ = {isa = PBXBuildFile; fileRef = 24D018FA280B1A460031C14B /* UILabel+Extension.swift */; };
		24D0F08428080ACA0085FDEA /* MenuIconsTests.swift in Sources */ = {isa = PBXBuildFile; fileRef = 24D0F08328080ACA0085FDEA /* MenuIconsTests.swift */; };
		24D1287327903ECD00AD7F3D /* AppDelegate.swift in Sources */ = {isa = PBXBuildFile; fileRef = 24D1287227903ECD00AD7F3D /* AppDelegate.swift */; };
		24D1287527903ECD00AD7F3D /* SceneDelegate.swift in Sources */ = {isa = PBXBuildFile; fileRef = 24D1287427903ECD00AD7F3D /* SceneDelegate.swift */; };
		24D1287F27903ECE00AD7F3D /* LaunchScreen.storyboard in Resources */ = {isa = PBXBuildFile; fileRef = 24D1287D27903ECE00AD7F3D /* LaunchScreen.storyboard */; };
		24D5BC272806C2C0003D14CD /* BaseVC.swift in Sources */ = {isa = PBXBuildFile; fileRef = 24D5BC262806C2C0003D14CD /* BaseVC.swift */; };
		24D5BC292806FA7A003D14CD /* MenuCell.swift in Sources */ = {isa = PBXBuildFile; fileRef = 24D5BC282806FA7A003D14CD /* MenuCell.swift */; };
		24D5BC2B2806FE93003D14CD /* MenuHeaderView.swift in Sources */ = {isa = PBXBuildFile; fileRef = 24D5BC2A2806FE93003D14CD /* MenuHeaderView.swift */; };
		24D71D2E28351ABF00BF2505 /* flyingPaper.json in Resources */ = {isa = PBXBuildFile; fileRef = 24D71D2D28351ABF00BF2505 /* flyingPaper.json */; };
		24D71D302835203F00BF2505 /* dots.json in Resources */ = {isa = PBXBuildFile; fileRef = 24D71D2F2835203F00BF2505 /* dots.json */; };
		24D8635F280C0A550060760A /* Fonts.swift in Sources */ = {isa = PBXBuildFile; fileRef = 24D8635E280C0A550060760A /* Fonts.swift */; };
		24D86365280C0FDC0060760A /* LibreBaskerville-Italic.ttf in Resources */ = {isa = PBXBuildFile; fileRef = 24D86361280C0FDC0060760A /* LibreBaskerville-Italic.ttf */; };
		24D86366280C0FDC0060760A /* LibreBaskerville-Regular.ttf in Resources */ = {isa = PBXBuildFile; fileRef = 24D86362280C0FDC0060760A /* LibreBaskerville-Regular.ttf */; };
		24D86367280C0FDC0060760A /* OFL.txt in Resources */ = {isa = PBXBuildFile; fileRef = 24D86363280C0FDC0060760A /* OFL.txt */; };
		24D86368280C0FDC0060760A /* LibreBaskerville-Bold.ttf in Resources */ = {isa = PBXBuildFile; fileRef = 24D86364280C0FDC0060760A /* LibreBaskerville-Bold.ttf */; };
		24DAF6772852105B0046DC51 /* FilterNetworkWorker.swift in Sources */ = {isa = PBXBuildFile; fileRef = 24DAF6762852105B0046DC51 /* FilterNetworkWorker.swift */; };
		24DAF6792852136D0046DC51 /* FilterCell.swift in Sources */ = {isa = PBXBuildFile; fileRef = 24DAF6782852136D0046DC51 /* FilterCell.swift */; };
		24DAF67B285219AA0046DC51 /* FilterCategories.swift in Sources */ = {isa = PBXBuildFile; fileRef = 24DAF67A285219AA0046DC51 /* FilterCategories.swift */; };
		24DAF67D285229C00046DC51 /* CALayer+Extension.swift in Sources */ = {isa = PBXBuildFile; fileRef = 24DAF67C285229C00046DC51 /* CALayer+Extension.swift */; };
		24DAF67F285235200046DC51 /* FilterLayout.swift in Sources */ = {isa = PBXBuildFile; fileRef = 24DAF67E285235200046DC51 /* FilterLayout.swift */; };
		24DEBF4627ABB1D400C40B29 /* Lottie in Frameworks */ = {isa = PBXBuildFile; productRef = 24DEBF4527ABB1D400C40B29 /* Lottie */; };
		24EF3BC32851D4A800789F0E /* FilterIcons.swift in Sources */ = {isa = PBXBuildFile; fileRef = 24EF3BC22851D4A800789F0E /* FilterIcons.swift */; };
		24F40214280DA33B007DF059 /* typodermic-eula-03-2020.pdf in Resources */ = {isa = PBXBuildFile; fileRef = 24F40212280DA33B007DF059 /* typodermic-eula-03-2020.pdf */; };
		24F40215280DA33B007DF059 /* goodtimesrg.otf in Resources */ = {isa = PBXBuildFile; fileRef = 24F40213280DA33B007DF059 /* goodtimesrg.otf */; };
		533C3B1C758A730A2E0FBD61 /* Pods_Quoter_QuoterUITests.framework in Frameworks */ = {isa = PBXBuildFile; fileRef = 6B69EE2F3DCE9D13DE9B5E14 /* Pods_Quoter_QuoterUITests.framework */; };
		C0CE17F82A9B7C9309C94147 /* Pods_Quoter.framework in Frameworks */ = {isa = PBXBuildFile; fileRef = 3759901C0462D291CFDC45DC /* Pods_Quoter.framework */; };
		F3E06143FE4162EF0EEE1E27 /* Pods_QuoterTests.framework in Frameworks */ = {isa = PBXBuildFile; fileRef = CAE56AF2F93B3BAF721B9EB4 /* Pods_QuoterTests.framework */; };
/* End PBXBuildFile section */

/* Begin PBXContainerItemProxy section */
		24D0F06D280809E80085FDEA /* PBXContainerItemProxy */ = {
			isa = PBXContainerItemProxy;
			containerPortal = 24D1286727903ECD00AD7F3D /* Project object */;
			proxyType = 1;
			remoteGlobalIDString = 24D1286E27903ECD00AD7F3D;
			remoteInfo = Quoter;
		};
		24D0F07C28080A110085FDEA /* PBXContainerItemProxy */ = {
			isa = PBXContainerItemProxy;
			containerPortal = 24D1286727903ECD00AD7F3D /* Project object */;
			proxyType = 1;
			remoteGlobalIDString = 24D1286E27903ECD00AD7F3D;
			remoteInfo = Quoter;
		};
/* End PBXContainerItemProxy section */

/* Begin PBXFileReference section */
		240028262858B34F005220D7 /* UICollectionView+Extension.swift */ = {isa = PBXFileReference; lastKnownFileType = sourcecode.swift; path = "UICollectionView+Extension.swift"; sourceTree = "<group>"; };
		24138A162805719400044F5E /* ExploreVC.swift */ = {isa = PBXFileReference; lastKnownFileType = sourcecode.swift; path = ExploreVC.swift; sourceTree = "<group>"; };
		24138A19280571CA00044F5E /* MenuVC.swift */ = {isa = PBXFileReference; lastKnownFileType = sourcecode.swift; path = MenuVC.swift; sourceTree = "<group>"; };
		24138A1B2805726200044F5E /* MenuView.swift */ = {isa = PBXFileReference; lastKnownFileType = sourcecode.swift; path = MenuView.swift; sourceTree = "<group>"; };
		24138A1D2805728300044F5E /* MenuItemView.swift */ = {isa = PBXFileReference; lastKnownFileType = sourcecode.swift; path = MenuItemView.swift; sourceTree = "<group>"; };
		24138A1F2805739B00044F5E /* MenuItem.swift */ = {isa = PBXFileReference; lastKnownFileType = sourcecode.swift; path = MenuItem.swift; sourceTree = "<group>"; };
		24138A222805748200044F5E /* MenuModels.swift */ = {isa = PBXFileReference; lastKnownFileType = sourcecode.swift; path = MenuModels.swift; sourceTree = "<group>"; };
		24138A262805ABEE00044F5E /* Assets.xcassets */ = {isa = PBXFileReference; lastKnownFileType = folder.assetcatalog; path = Assets.xcassets; sourceTree = "<group>"; };
		24138A282805AC7300044F5E /* Colors.swift */ = {isa = PBXFileReference; lastKnownFileType = sourcecode.swift; path = Colors.swift; sourceTree = "<group>"; };
		24138A2B2805AD6E00044F5E /* UIApplication+Extension.swift */ = {isa = PBXFileReference; fileEncoding = 4; lastKnownFileType = sourcecode.swift; path = "UIApplication+Extension.swift"; sourceTree = "<group>"; };
		24138A2C2805AD6E00044F5E /* UIColor+Extension.swift */ = {isa = PBXFileReference; fileEncoding = 4; lastKnownFileType = sourcecode.swift; path = "UIColor+Extension.swift"; sourceTree = "<group>"; };
		24138A2D2805AD6E00044F5E /* UIView+Extension.swift */ = {isa = PBXFileReference; fileEncoding = 4; lastKnownFileType = sourcecode.swift; path = "UIView+Extension.swift"; sourceTree = "<group>"; };
		24138A2E2805AD6E00044F5E /* UIImage+Extension.swift */ = {isa = PBXFileReference; fileEncoding = 4; lastKnownFileType = sourcecode.swift; path = "UIImage+Extension.swift"; sourceTree = "<group>"; };
		24138A2F2805AD6E00044F5E /* UIViewController+Extension.swift */ = {isa = PBXFileReference; fileEncoding = 4; lastKnownFileType = sourcecode.swift; path = "UIViewController+Extension.swift"; sourceTree = "<group>"; };
		24138A302805AD6E00044F5E /* String+Extension.swift */ = {isa = PBXFileReference; fileEncoding = 4; lastKnownFileType = sourcecode.swift; path = "String+Extension.swift"; sourceTree = "<group>"; };
		24138A3A2805B16600044F5E /* MenuIcons.swift */ = {isa = PBXFileReference; lastKnownFileType = sourcecode.swift; path = MenuIcons.swift; sourceTree = "<group>"; };
		24138A3C2805B39F00044F5E /* Constants.swift */ = {isa = PBXFileReference; lastKnownFileType = sourcecode.swift; path = Constants.swift; sourceTree = "<group>"; };
		24138A3E2805B90800044F5E /* GalleryVC.swift */ = {isa = PBXFileReference; lastKnownFileType = sourcecode.swift; path = GalleryVC.swift; sourceTree = "<group>"; };
		241A2A21285B4655005681C5 /* AuthorTableHeaderView.swift */ = {isa = PBXFileReference; lastKnownFileType = sourcecode.swift; path = AuthorTableHeaderView.swift; sourceTree = "<group>"; };
		241A2A23285B4902005681C5 /* AuthorEntities.swift */ = {isa = PBXFileReference; lastKnownFileType = sourcecode.swift; path = AuthorEntities.swift; sourceTree = "<group>"; };
		241A2A26285B5D34005681C5 /* AuthorNetworkWorker.swift */ = {isa = PBXFileReference; lastKnownFileType = sourcecode.swift; path = AuthorNetworkWorker.swift; sourceTree = "<group>"; };
		241FF78F285F20C500646809 /* simpleLoading.json */ = {isa = PBXFileReference; fileEncoding = 4; lastKnownFileType = text.json; path = simpleLoading.json; sourceTree = "<group>"; };
		241FF791285F670500646809 /* SectionTitleView.swift */ = {isa = PBXFileReference; lastKnownFileType = sourcecode.swift; path = SectionTitleView.swift; sourceTree = "<group>"; };
		242E31ED285361BC00AB4C22 /* UIImageView+Extension.swift */ = {isa = PBXFileReference; lastKnownFileType = sourcecode.swift; path = "UIImageView+Extension.swift"; sourceTree = "<group>"; };
		24484AD32837C07900D3BFA8 /* QuoteButtonView.swift */ = {isa = PBXFileReference; lastKnownFileType = sourcecode.swift; path = QuoteButtonView.swift; sourceTree = "<group>"; };
		2458D29328097EBB0088C00E /* DailyQuotesVC.swift */ = {isa = PBXFileReference; lastKnownFileType = sourcecode.swift; path = DailyQuotesVC.swift; sourceTree = "<group>"; };
		2458D2972809A25B0088C00E /* ExploreView.swift */ = {isa = PBXFileReference; lastKnownFileType = sourcecode.swift; path = ExploreView.swift; sourceTree = "<group>"; };
		2458D2992809A51A0088C00E /* ExploreCell.swift */ = {isa = PBXFileReference; lastKnownFileType = sourcecode.swift; path = ExploreCell.swift; sourceTree = "<group>"; };
		2459D5B02843B712001D1812 /* ExploreLayout.swift */ = {isa = PBXFileReference; lastKnownFileType = sourcecode.swift; path = ExploreLayout.swift; sourceTree = "<group>"; };
		246700B12859D1A9004C64EB /* AuthorVC.swift */ = {isa = PBXFileReference; lastKnownFileType = sourcecode.swift; path = AuthorVC.swift; sourceTree = "<group>"; };
		246700B32859D1B7004C64EB /* AuthorInteractor.swift */ = {isa = PBXFileReference; lastKnownFileType = sourcecode.swift; path = AuthorInteractor.swift; sourceTree = "<group>"; };
		246700B52859D1C2004C64EB /* AuthorPresenter.swift */ = {isa = PBXFileReference; lastKnownFileType = sourcecode.swift; path = AuthorPresenter.swift; sourceTree = "<group>"; };
		246700B72859D1CD004C64EB /* AuthorRouter.swift */ = {isa = PBXFileReference; lastKnownFileType = sourcecode.swift; path = AuthorRouter.swift; sourceTree = "<group>"; };
		246700BA2859D1EA004C64EB /* AuthorView.swift */ = {isa = PBXFileReference; lastKnownFileType = sourcecode.swift; path = AuthorView.swift; sourceTree = "<group>"; };
		246B828428311DBB00D44DF5 /* Endpoints.swift */ = {isa = PBXFileReference; fileEncoding = 4; lastKnownFileType = sourcecode.swift; path = Endpoints.swift; sourceTree = "<group>"; };
		246B828928311DBB00D44DF5 /* QuotieEndpoint.swift */ = {isa = PBXFileReference; fileEncoding = 4; lastKnownFileType = sourcecode.swift; path = QuotieEndpoint.swift; sourceTree = "<group>"; };
		246B829028311E9300D44DF5 /* QuotieCategoriesEndpoint.swift */ = {isa = PBXFileReference; lastKnownFileType = sourcecode.swift; path = QuotieCategoriesEndpoint.swift; sourceTree = "<group>"; };
		246B82932831200A00D44DF5 /* QuoteModel.swift */ = {isa = PBXFileReference; lastKnownFileType = sourcecode.swift; path = QuoteModel.swift; sourceTree = "<group>"; };
		246B82952831204E00D44DF5 /* NetworkWorker.swift */ = {isa = PBXFileReference; fileEncoding = 4; lastKnownFileType = sourcecode.swift; path = NetworkWorker.swift; sourceTree = "<group>"; };
		246B8297283121A600D44DF5 /* ExploreNetworkWorker.swift */ = {isa = PBXFileReference; lastKnownFileType = sourcecode.swift; path = ExploreNetworkWorker.swift; sourceTree = "<group>"; };
		246B8299283124A600D44DF5 /* CategoriesModel.swift */ = {isa = PBXFileReference; lastKnownFileType = sourcecode.swift; path = CategoriesModel.swift; sourceTree = "<group>"; };
		246B829B283137B400D44DF5 /* ExploreInteractor.swift */ = {isa = PBXFileReference; lastKnownFileType = sourcecode.swift; path = ExploreInteractor.swift; sourceTree = "<group>"; };
		246B829D283137C700D44DF5 /* ExplorePresenter.swift */ = {isa = PBXFileReference; lastKnownFileType = sourcecode.swift; path = ExplorePresenter.swift; sourceTree = "<group>"; };
		246B829F283137D800D44DF5 /* ExploreRouter.swift */ = {isa = PBXFileReference; lastKnownFileType = sourcecode.swift; path = ExploreRouter.swift; sourceTree = "<group>"; };
		246B82A62831464B00D44DF5 /* ExploreEntities.swift */ = {isa = PBXFileReference; lastKnownFileType = sourcecode.swift; path = ExploreEntities.swift; sourceTree = "<group>"; };
		2470F653284E316800B6124D /* FilterVC.swift */ = {isa = PBXFileReference; lastKnownFileType = sourcecode.swift; path = FilterVC.swift; sourceTree = "<group>"; };
		2470F658284E322800B6124D /* FilterInteractor.swift */ = {isa = PBXFileReference; lastKnownFileType = sourcecode.swift; path = FilterInteractor.swift; sourceTree = "<group>"; };
		2470F65A284E328400B6124D /* FilterPresenter.swift */ = {isa = PBXFileReference; lastKnownFileType = sourcecode.swift; path = FilterPresenter.swift; sourceTree = "<group>"; };
		2470F65C284E32DD00B6124D /* FilterRouter.swift */ = {isa = PBXFileReference; lastKnownFileType = sourcecode.swift; path = FilterRouter.swift; sourceTree = "<group>"; };
		248C54132850BD600080FBBE /* ModalViewWithTopBorder.swift */ = {isa = PBXFileReference; lastKnownFileType = sourcecode.swift; path = ModalViewWithTopBorder.swift; sourceTree = "<group>"; };
		248C54162850E7280080FBBE /* FilterView.swift */ = {isa = PBXFileReference; lastKnownFileType = sourcecode.swift; path = FilterView.swift; sourceTree = "<group>"; };
		2497157F27D9E15F00968E08 /* GoogleService-Info.plist */ = {isa = PBXFileReference; fileEncoding = 4; lastKnownFileType = text.plist.xml; path = "GoogleService-Info.plist"; sourceTree = "<group>"; };
		2497158727D9E3FB00968E08 /* AdSupport.framework */ = {isa = PBXFileReference; lastKnownFileType = wrapper.framework; name = AdSupport.framework; path = System/Library/Frameworks/AdSupport.framework; sourceTree = SDKROOT; };
		249BE4AB285DCBF600D30127 /* UITableView+Extension.swift */ = {isa = PBXFileReference; lastKnownFileType = sourcecode.swift; path = "UITableView+Extension.swift"; sourceTree = "<group>"; };
		24A71A30285C96F800835E8C /* AuthorCellsManager.swift */ = {isa = PBXFileReference; lastKnownFileType = sourcecode.swift; path = AuthorCellsManager.swift; sourceTree = "<group>"; };
		24A71A35285CC22100835E8C /* AuthorQuotesForSectionCellObject.swift */ = {isa = PBXFileReference; lastKnownFileType = sourcecode.swift; path = AuthorQuotesForSectionCellObject.swift; sourceTree = "<group>"; };
		24A71A37285CC26E00835E8C /* OtherAuthorsForSectionCellObject.swift */ = {isa = PBXFileReference; lastKnownFileType = sourcecode.swift; path = OtherAuthorsForSectionCellObject.swift; sourceTree = "<group>"; };
		24A8CEA4284B8EC000B5F6F2 /* ExploreScreenshotCell.swift */ = {isa = PBXFileReference; lastKnownFileType = sourcecode.swift; path = ExploreScreenshotCell.swift; sourceTree = "<group>"; };
		24CD4C0B2844A6C300A63968 /* wakeup.json */ = {isa = PBXFileReference; fileEncoding = 4; lastKnownFileType = text.json; path = wakeup.json; sourceTree = "<group>"; };
		24CD4C0D2844B23700A63968 /* DeviceModel.swift */ = {isa = PBXFileReference; lastKnownFileType = sourcecode.swift; path = DeviceModel.swift; sourceTree = "<group>"; };
		24D018F5280ADE150031C14B /* ArrowButtonView.swift */ = {isa = PBXFileReference; lastKnownFileType = sourcecode.swift; path = ArrowButtonView.swift; sourceTree = "<group>"; };
		24D018F8280ADE880031C14B /* ExploreIcons.swift */ = {isa = PBXFileReference; lastKnownFileType = sourcecode.swift; path = ExploreIcons.swift; sourceTree = "<group>"; };
		24D018FA280B1A460031C14B /* UILabel+Extension.swift */ = {isa = PBXFileReference; lastKnownFileType = sourcecode.swift; path = "UILabel+Extension.swift"; sourceTree = "<group>"; };
		24D0F069280809E80085FDEA /* QuoterTests.xctest */ = {isa = PBXFileReference; explicitFileType = wrapper.cfbundle; includeInIndex = 0; path = QuoterTests.xctest; sourceTree = BUILT_PRODUCTS_DIR; };
		24D0F07628080A110085FDEA /* QuoterUITests.xctest */ = {isa = PBXFileReference; explicitFileType = wrapper.cfbundle; includeInIndex = 0; path = QuoterUITests.xctest; sourceTree = BUILT_PRODUCTS_DIR; };
		24D0F08328080ACA0085FDEA /* MenuIconsTests.swift */ = {isa = PBXFileReference; lastKnownFileType = sourcecode.swift; path = MenuIconsTests.swift; sourceTree = "<group>"; };
		24D1286F27903ECD00AD7F3D /* Quoter.app */ = {isa = PBXFileReference; explicitFileType = wrapper.application; includeInIndex = 0; path = Quoter.app; sourceTree = BUILT_PRODUCTS_DIR; };
		24D1287227903ECD00AD7F3D /* AppDelegate.swift */ = {isa = PBXFileReference; lastKnownFileType = sourcecode.swift; path = AppDelegate.swift; sourceTree = "<group>"; };
		24D1287427903ECD00AD7F3D /* SceneDelegate.swift */ = {isa = PBXFileReference; lastKnownFileType = sourcecode.swift; path = SceneDelegate.swift; sourceTree = "<group>"; };
		24D1287E27903ECE00AD7F3D /* Base */ = {isa = PBXFileReference; lastKnownFileType = file.storyboard; name = Base; path = Base.lproj/LaunchScreen.storyboard; sourceTree = "<group>"; };
		24D1288027903ECE00AD7F3D /* Info.plist */ = {isa = PBXFileReference; lastKnownFileType = text.plist.xml; path = Info.plist; sourceTree = "<group>"; };
		24D5BC262806C2C0003D14CD /* BaseVC.swift */ = {isa = PBXFileReference; lastKnownFileType = sourcecode.swift; path = BaseVC.swift; sourceTree = "<group>"; };
		24D5BC282806FA7A003D14CD /* MenuCell.swift */ = {isa = PBXFileReference; lastKnownFileType = sourcecode.swift; path = MenuCell.swift; sourceTree = "<group>"; };
		24D5BC2A2806FE93003D14CD /* MenuHeaderView.swift */ = {isa = PBXFileReference; lastKnownFileType = sourcecode.swift; path = MenuHeaderView.swift; sourceTree = "<group>"; };
		24D71D2D28351ABF00BF2505 /* flyingPaper.json */ = {isa = PBXFileReference; fileEncoding = 4; lastKnownFileType = text.json; path = flyingPaper.json; sourceTree = "<group>"; };
		24D71D2F2835203F00BF2505 /* dots.json */ = {isa = PBXFileReference; fileEncoding = 4; lastKnownFileType = text.json; path = dots.json; sourceTree = "<group>"; };
		24D8635E280C0A550060760A /* Fonts.swift */ = {isa = PBXFileReference; lastKnownFileType = sourcecode.swift; path = Fonts.swift; sourceTree = "<group>"; };
		24D86361280C0FDC0060760A /* LibreBaskerville-Italic.ttf */ = {isa = PBXFileReference; lastKnownFileType = file; path = "LibreBaskerville-Italic.ttf"; sourceTree = "<group>"; };
		24D86362280C0FDC0060760A /* LibreBaskerville-Regular.ttf */ = {isa = PBXFileReference; lastKnownFileType = file; path = "LibreBaskerville-Regular.ttf"; sourceTree = "<group>"; };
		24D86363280C0FDC0060760A /* OFL.txt */ = {isa = PBXFileReference; fileEncoding = 4; lastKnownFileType = text; path = OFL.txt; sourceTree = "<group>"; };
		24D86364280C0FDC0060760A /* LibreBaskerville-Bold.ttf */ = {isa = PBXFileReference; lastKnownFileType = file; path = "LibreBaskerville-Bold.ttf"; sourceTree = "<group>"; };
		24DAF6762852105B0046DC51 /* FilterNetworkWorker.swift */ = {isa = PBXFileReference; lastKnownFileType = sourcecode.swift; path = FilterNetworkWorker.swift; sourceTree = "<group>"; };
		24DAF6782852136D0046DC51 /* FilterCell.swift */ = {isa = PBXFileReference; lastKnownFileType = sourcecode.swift; path = FilterCell.swift; sourceTree = "<group>"; };
		24DAF67A285219AA0046DC51 /* FilterCategories.swift */ = {isa = PBXFileReference; lastKnownFileType = sourcecode.swift; path = FilterCategories.swift; sourceTree = "<group>"; };
		24DAF67C285229C00046DC51 /* CALayer+Extension.swift */ = {isa = PBXFileReference; lastKnownFileType = sourcecode.swift; path = "CALayer+Extension.swift"; sourceTree = "<group>"; };
		24DAF67E285235200046DC51 /* FilterLayout.swift */ = {isa = PBXFileReference; lastKnownFileType = sourcecode.swift; path = FilterLayout.swift; sourceTree = "<group>"; };
		24EF3BC22851D4A800789F0E /* FilterIcons.swift */ = {isa = PBXFileReference; lastKnownFileType = sourcecode.swift; path = FilterIcons.swift; sourceTree = "<group>"; };
		24F40212280DA33B007DF059 /* typodermic-eula-03-2020.pdf */ = {isa = PBXFileReference; lastKnownFileType = image.pdf; path = "typodermic-eula-03-2020.pdf"; sourceTree = "<group>"; };
		24F40213280DA33B007DF059 /* goodtimesrg.otf */ = {isa = PBXFileReference; lastKnownFileType = file; path = goodtimesrg.otf; sourceTree = "<group>"; };
		356336125EB09D3D5A762E43 /* Pods-Quoter.release.xcconfig */ = {isa = PBXFileReference; includeInIndex = 1; lastKnownFileType = text.xcconfig; name = "Pods-Quoter.release.xcconfig"; path = "Target Support Files/Pods-Quoter/Pods-Quoter.release.xcconfig"; sourceTree = "<group>"; };
		3759901C0462D291CFDC45DC /* Pods_Quoter.framework */ = {isa = PBXFileReference; explicitFileType = wrapper.framework; includeInIndex = 0; path = Pods_Quoter.framework; sourceTree = BUILT_PRODUCTS_DIR; };
		50695C94E842A06AA361EBAE /* Pods-Quoter-QuoterUITests.debug.xcconfig */ = {isa = PBXFileReference; includeInIndex = 1; lastKnownFileType = text.xcconfig; name = "Pods-Quoter-QuoterUITests.debug.xcconfig"; path = "Target Support Files/Pods-Quoter-QuoterUITests/Pods-Quoter-QuoterUITests.debug.xcconfig"; sourceTree = "<group>"; };
		61B6433BB813BF89BA859F58 /* Pods-Quoter-QuoterUITests.release.xcconfig */ = {isa = PBXFileReference; includeInIndex = 1; lastKnownFileType = text.xcconfig; name = "Pods-Quoter-QuoterUITests.release.xcconfig"; path = "Target Support Files/Pods-Quoter-QuoterUITests/Pods-Quoter-QuoterUITests.release.xcconfig"; sourceTree = "<group>"; };
		6B69EE2F3DCE9D13DE9B5E14 /* Pods_Quoter_QuoterUITests.framework */ = {isa = PBXFileReference; explicitFileType = wrapper.framework; includeInIndex = 0; path = Pods_Quoter_QuoterUITests.framework; sourceTree = BUILT_PRODUCTS_DIR; };
		71D01ECC9F264369B2C6B17A /* Pods-QuoterTests.debug.xcconfig */ = {isa = PBXFileReference; includeInIndex = 1; lastKnownFileType = text.xcconfig; name = "Pods-QuoterTests.debug.xcconfig"; path = "Target Support Files/Pods-QuoterTests/Pods-QuoterTests.debug.xcconfig"; sourceTree = "<group>"; };
		B12C486978A3E3B46694629F /* Pods-QuoterTests.release.xcconfig */ = {isa = PBXFileReference; includeInIndex = 1; lastKnownFileType = text.xcconfig; name = "Pods-QuoterTests.release.xcconfig"; path = "Target Support Files/Pods-QuoterTests/Pods-QuoterTests.release.xcconfig"; sourceTree = "<group>"; };
		BC78E8DD562F9C060FBA4321 /* Pods-Quoter.debug.xcconfig */ = {isa = PBXFileReference; includeInIndex = 1; lastKnownFileType = text.xcconfig; name = "Pods-Quoter.debug.xcconfig"; path = "Target Support Files/Pods-Quoter/Pods-Quoter.debug.xcconfig"; sourceTree = "<group>"; };
		CAE56AF2F93B3BAF721B9EB4 /* Pods_QuoterTests.framework */ = {isa = PBXFileReference; explicitFileType = wrapper.framework; includeInIndex = 0; path = Pods_QuoterTests.framework; sourceTree = BUILT_PRODUCTS_DIR; };
/* End PBXFileReference section */

/* Begin PBXFrameworksBuildPhase section */
		24D0F066280809E80085FDEA /* Frameworks */ = {
			isa = PBXFrameworksBuildPhase;
			buildActionMask = 2147483647;
			files = (
				F3E06143FE4162EF0EEE1E27 /* Pods_QuoterTests.framework in Frameworks */,
			);
			runOnlyForDeploymentPostprocessing = 0;
		};
		24D0F07328080A110085FDEA /* Frameworks */ = {
			isa = PBXFrameworksBuildPhase;
			buildActionMask = 2147483647;
			files = (
				533C3B1C758A730A2E0FBD61 /* Pods_Quoter_QuoterUITests.framework in Frameworks */,
			);
			runOnlyForDeploymentPostprocessing = 0;
		};
		24D1286C27903ECD00AD7F3D /* Frameworks */ = {
			isa = PBXFrameworksBuildPhase;
			buildActionMask = 2147483647;
			files = (
				2497158927D9E40F00968E08 /* AdSupport.framework in Frameworks */,
				2497158327D9E23400968E08 /* FirebaseAnalytics in Frameworks */,
				2497158527D9E23400968E08 /* FirebaseCrashlytics in Frameworks */,
				246B82A428313DE000D44DF5 /* SDWebImage in Frameworks */,
				24DEBF4627ABB1D400C40B29 /* Lottie in Frameworks */,
				C0CE17F82A9B7C9309C94147 /* Pods_Quoter.framework in Frameworks */,
			);
			runOnlyForDeploymentPostprocessing = 0;
		};
/* End PBXFrameworksBuildPhase section */

/* Begin PBXGroup section */
		1CB3B9811E04B9E53D13C424 /* Pods */ = {
			isa = PBXGroup;
			children = (
				BC78E8DD562F9C060FBA4321 /* Pods-Quoter.debug.xcconfig */,
				356336125EB09D3D5A762E43 /* Pods-Quoter.release.xcconfig */,
				50695C94E842A06AA361EBAE /* Pods-Quoter-QuoterUITests.debug.xcconfig */,
				61B6433BB813BF89BA859F58 /* Pods-Quoter-QuoterUITests.release.xcconfig */,
				71D01ECC9F264369B2C6B17A /* Pods-QuoterTests.debug.xcconfig */,
				B12C486978A3E3B46694629F /* Pods-QuoterTests.release.xcconfig */,
			);
			name = Pods;
			path = Pods;
			sourceTree = "<group>";
		};
		24138A13280570BE00044F5E /* Presentation */ = {
			isa = PBXGroup;
			children = (
				24138A18280571AB00044F5E /* SharedElements */,
				24138A14280570C900044F5E /* Scenes */,
			);
			path = Presentation;
			sourceTree = "<group>";
		};
		24138A14280570C900044F5E /* Scenes */ = {
			isa = PBXGroup;
			children = (
				24138A21280573B500044F5E /* Menu */,
				24138A15280570DC00044F5E /* Explore */,
				2470F652284E313C00B6124D /* Filter */,
				246700B02859D18A004C64EB /* Author */,
				2458D295280999270088C00E /* Gallery */,
				2458D296280999350088C00E /* DailyQuotes */,
			);
			path = Scenes;
			sourceTree = "<group>";
		};
		24138A15280570DC00044F5E /* Explore */ = {
			isa = PBXGroup;
			children = (
				24138A162805719400044F5E /* ExploreVC.swift */,
				246B829B283137B400D44DF5 /* ExploreInteractor.swift */,
				246B829D283137C700D44DF5 /* ExplorePresenter.swift */,
				246B829F283137D800D44DF5 /* ExploreRouter.swift */,
				246B82A62831464B00D44DF5 /* ExploreEntities.swift */,
				246B82A52831462F00D44DF5 /* Workers */,
				24D018F7280ADE7A0031C14B /* Support */,
				24D018F4280ADE020031C14B /* Subviews */,
			);
			path = Explore;
			sourceTree = "<group>";
		};
		24138A18280571AB00044F5E /* SharedElements */ = {
			isa = PBXGroup;
			children = (
				24D5BC262806C2C0003D14CD /* BaseVC.swift */,
				24138A3C2805B39F00044F5E /* Constants.swift */,
				248C54132850BD600080FBBE /* ModalViewWithTopBorder.swift */,
			);
			path = SharedElements;
			sourceTree = "<group>";
		};
		24138A21280573B500044F5E /* Menu */ = {
			isa = PBXGroup;
			children = (
				24138A19280571CA00044F5E /* MenuVC.swift */,
				24D5BC2C28070680003D14CD /* Subviews */,
				24D5BC2D28070BC7003D14CD /* Support */,
			);
			path = Menu;
			sourceTree = "<group>";
		};
		24138A2A2805AD6E00044F5E /* Extensions */ = {
			isa = PBXGroup;
			children = (
				24138A2B2805AD6E00044F5E /* UIApplication+Extension.swift */,
				24138A2C2805AD6E00044F5E /* UIColor+Extension.swift */,
				24138A2D2805AD6E00044F5E /* UIView+Extension.swift */,
				24138A2E2805AD6E00044F5E /* UIImage+Extension.swift */,
				24138A2F2805AD6E00044F5E /* UIViewController+Extension.swift */,
				24138A302805AD6E00044F5E /* String+Extension.swift */,
				24D018FA280B1A460031C14B /* UILabel+Extension.swift */,
				24DAF67C285229C00046DC51 /* CALayer+Extension.swift */,
				242E31ED285361BC00AB4C22 /* UIImageView+Extension.swift */,
				240028262858B34F005220D7 /* UICollectionView+Extension.swift */,
				249BE4AB285DCBF600D30127 /* UITableView+Extension.swift */,
			);
			path = Extensions;
			sourceTree = "<group>";
		};
		24138A392805AE9700044F5E /* Assets */ = {
			isa = PBXGroup;
			children = (
				24D71D2C2835152000BF2505 /* AnimationJSONs */,
				24D86347280C0A2F0060760A /* Fonts */,
				24138A262805ABEE00044F5E /* Assets.xcassets */,
				24138A282805AC7300044F5E /* Colors.swift */,
				24D8635E280C0A550060760A /* Fonts.swift */,
			);
			path = Assets;
			sourceTree = "<group>";
		};
		241A2A25285B5D1F005681C5 /* Workers */ = {
			isa = PBXGroup;
			children = (
				241A2A26285B5D34005681C5 /* AuthorNetworkWorker.swift */,
			);
			path = Workers;
			sourceTree = "<group>";
		};
		2458D295280999270088C00E /* Gallery */ = {
			isa = PBXGroup;
			children = (
				24138A3E2805B90800044F5E /* GalleryVC.swift */,
			);
			path = Gallery;
			sourceTree = "<group>";
		};
		2458D296280999350088C00E /* DailyQuotes */ = {
			isa = PBXGroup;
			children = (
				2458D29328097EBB0088C00E /* DailyQuotesVC.swift */,
			);
			path = DailyQuotes;
			sourceTree = "<group>";
		};
		246700B02859D18A004C64EB /* Author */ = {
			isa = PBXGroup;
			children = (
				246700B12859D1A9004C64EB /* AuthorVC.swift */,
				246700B32859D1B7004C64EB /* AuthorInteractor.swift */,
				246700B52859D1C2004C64EB /* AuthorPresenter.swift */,
				246700B72859D1CD004C64EB /* AuthorRouter.swift */,
				241A2A23285B4902005681C5 /* AuthorEntities.swift */,
				241A2A25285B5D1F005681C5 /* Workers */,
				24A71A32285C972800835E8C /* AuthorCellObjects */,
				246700B92859D1D5004C64EB /* Subviews */,
			);
			path = Author;
			sourceTree = "<group>";
		};
		246700B92859D1D5004C64EB /* Subviews */ = {
			isa = PBXGroup;
			children = (
				246700BA2859D1EA004C64EB /* AuthorView.swift */,
				241A2A21285B4655005681C5 /* AuthorTableHeaderView.swift */,
				241FF791285F670500646809 /* SectionTitleView.swift */,
			);
			path = Subviews;
			sourceTree = "<group>";
		};
		246B828228311D8500D44DF5 /* Network */ = {
			isa = PBXGroup;
			children = (
				246B82A128313CA200D44DF5 /* Workers */,
				246B829228311FFE00D44DF5 /* Models */,
				246B828328311DBB00D44DF5 /* Endpoints */,
			);
			path = Network;
			sourceTree = "<group>";
		};
		246B828328311DBB00D44DF5 /* Endpoints */ = {
			isa = PBXGroup;
			children = (
				246B828428311DBB00D44DF5 /* Endpoints.swift */,
				246B828928311DBB00D44DF5 /* QuotieEndpoint.swift */,
				246B829028311E9300D44DF5 /* QuotieCategoriesEndpoint.swift */,
			);
			path = Endpoints;
			sourceTree = "<group>";
		};
		246B829228311FFE00D44DF5 /* Models */ = {
			isa = PBXGroup;
			children = (
				24CD4C0D2844B23700A63968 /* DeviceModel.swift */,
				246B82932831200A00D44DF5 /* QuoteModel.swift */,
				246B8299283124A600D44DF5 /* CategoriesModel.swift */,
			);
			path = Models;
			sourceTree = "<group>";
		};
		246B82A128313CA200D44DF5 /* Workers */ = {
			isa = PBXGroup;
			children = (
				246B82952831204E00D44DF5 /* NetworkWorker.swift */,
			);
			path = Workers;
			sourceTree = "<group>";
		};
		246B82A52831462F00D44DF5 /* Workers */ = {
			isa = PBXGroup;
			children = (
				246B8297283121A600D44DF5 /* ExploreNetworkWorker.swift */,
			);
			path = Workers;
			sourceTree = "<group>";
		};
		2470F652284E313C00B6124D /* Filter */ = {
			isa = PBXGroup;
			children = (
				2470F653284E316800B6124D /* FilterVC.swift */,
				2470F658284E322800B6124D /* FilterInteractor.swift */,
				2470F65A284E328400B6124D /* FilterPresenter.swift */,
				2470F65C284E32DD00B6124D /* FilterRouter.swift */,
				24DAF675285210420046DC51 /* Workers */,
				24EF3BC12851D49500789F0E /* Support */,
				248C54152850E7180080FBBE /* Subviews */,
			);
			path = Filter;
			sourceTree = "<group>";
		};
		248C54152850E7180080FBBE /* Subviews */ = {
			isa = PBXGroup;
			children = (
				248C54162850E7280080FBBE /* FilterView.swift */,
				24DAF6782852136D0046DC51 /* FilterCell.swift */,
				24DAF67E285235200046DC51 /* FilterLayout.swift */,
			);
			path = Subviews;
			sourceTree = "<group>";
		};
		2497158627D9E3FA00968E08 /* Frameworks */ = {
			isa = PBXGroup;
			children = (
				2497158727D9E3FB00968E08 /* AdSupport.framework */,
				3759901C0462D291CFDC45DC /* Pods_Quoter.framework */,
				6B69EE2F3DCE9D13DE9B5E14 /* Pods_Quoter_QuoterUITests.framework */,
				CAE56AF2F93B3BAF721B9EB4 /* Pods_QuoterTests.framework */,
			);
			name = Frameworks;
			sourceTree = "<group>";
		};
		249BE4AD285DDAED00D30127 /* AuthorObjects */ = {
			isa = PBXGroup;
			children = (
				24A71A35285CC22100835E8C /* AuthorQuotesForSectionCellObject.swift */,
				24A71A37285CC26E00835E8C /* OtherAuthorsForSectionCellObject.swift */,
			);
			path = AuthorObjects;
			sourceTree = "<group>";
		};
		24A71A32285C972800835E8C /* AuthorCellObjects */ = {
			isa = PBXGroup;
			children = (
				24A71A30285C96F800835E8C /* AuthorCellsManager.swift */,
				249BE4AD285DDAED00D30127 /* AuthorObjects */,
			);
			path = AuthorCellObjects;
			sourceTree = "<group>";
		};
		24D018F4280ADE020031C14B /* Subviews */ = {
			isa = PBXGroup;
			children = (
				2458D2992809A51A0088C00E /* ExploreCell.swift */,
				2458D2972809A25B0088C00E /* ExploreView.swift */,
				24D018F5280ADE150031C14B /* ArrowButtonView.swift */,
				24484AD32837C07900D3BFA8 /* QuoteButtonView.swift */,
				2459D5B02843B712001D1812 /* ExploreLayout.swift */,
				24A8CEA4284B8EC000B5F6F2 /* ExploreScreenshotCell.swift */,
			);
			path = Subviews;
			sourceTree = "<group>";
		};
		24D018F7280ADE7A0031C14B /* Support */ = {
			isa = PBXGroup;
			children = (
				24D018F8280ADE880031C14B /* ExploreIcons.swift */,
			);
			path = Support;
			sourceTree = "<group>";
		};
		24D0F06A280809E80085FDEA /* QuoterTests */ = {
			isa = PBXGroup;
			children = (
				24D0F08328080ACA0085FDEA /* MenuIconsTests.swift */,
			);
			path = QuoterTests;
			sourceTree = "<group>";
		};
		24D0F07728080A110085FDEA /* QuoterUITests */ = {
			isa = PBXGroup;
			children = (
			);
			path = QuoterUITests;
			sourceTree = "<group>";
		};
		24D1286627903ECD00AD7F3D = {
			isa = PBXGroup;
			children = (
				24D1287127903ECD00AD7F3D /* Quoter */,
				24D0F06A280809E80085FDEA /* QuoterTests */,
				24D0F07728080A110085FDEA /* QuoterUITests */,
				24D1287027903ECD00AD7F3D /* Products */,
				2497158627D9E3FA00968E08 /* Frameworks */,
				1CB3B9811E04B9E53D13C424 /* Pods */,
			);
			sourceTree = "<group>";
		};
		24D1287027903ECD00AD7F3D /* Products */ = {
			isa = PBXGroup;
			children = (
				24D1286F27903ECD00AD7F3D /* Quoter.app */,
				24D0F069280809E80085FDEA /* QuoterTests.xctest */,
				24D0F07628080A110085FDEA /* QuoterUITests.xctest */,
			);
			name = Products;
			sourceTree = "<group>";
		};
		24D1287127903ECD00AD7F3D /* Quoter */ = {
			isa = PBXGroup;
			children = (
				24D1288627903F5900AD7F3D /* App */,
				24138A392805AE9700044F5E /* Assets */,
				246B828228311D8500D44DF5 /* Network */,
				24138A2A2805AD6E00044F5E /* Extensions */,
				24138A13280570BE00044F5E /* Presentation */,
				24D1287D27903ECE00AD7F3D /* LaunchScreen.storyboard */,
				24D1288027903ECE00AD7F3D /* Info.plist */,
				2497157F27D9E15F00968E08 /* GoogleService-Info.plist */,
			);
			path = Quoter;
			sourceTree = "<group>";
		};
		24D1288627903F5900AD7F3D /* App */ = {
			isa = PBXGroup;
			children = (
				24D1287227903ECD00AD7F3D /* AppDelegate.swift */,
				24D1287427903ECD00AD7F3D /* SceneDelegate.swift */,
			);
			path = App;
			sourceTree = "<group>";
		};
		24D5BC2C28070680003D14CD /* Subviews */ = {
			isa = PBXGroup;
			children = (
				24D5BC282806FA7A003D14CD /* MenuCell.swift */,
				24138A1B2805726200044F5E /* MenuView.swift */,
				24138A1D2805728300044F5E /* MenuItemView.swift */,
				24D5BC2A2806FE93003D14CD /* MenuHeaderView.swift */,
			);
			path = Subviews;
			sourceTree = "<group>";
		};
		24D5BC2D28070BC7003D14CD /* Support */ = {
			isa = PBXGroup;
			children = (
				24138A1F2805739B00044F5E /* MenuItem.swift */,
				24138A222805748200044F5E /* MenuModels.swift */,
				24138A3A2805B16600044F5E /* MenuIcons.swift */,
			);
			path = Support;
			sourceTree = "<group>";
		};
		24D71D2C2835152000BF2505 /* AnimationJSONs */ = {
			isa = PBXGroup;
			children = (
				241FF78F285F20C500646809 /* simpleLoading.json */,
				24CD4C0B2844A6C300A63968 /* wakeup.json */,
				24D71D2F2835203F00BF2505 /* dots.json */,
				24D71D2D28351ABF00BF2505 /* flyingPaper.json */,
			);
			path = AnimationJSONs;
			sourceTree = "<group>";
		};
		24D86347280C0A2F0060760A /* Fonts */ = {
			isa = PBXGroup;
			children = (
				24D86348280C0A350060760A /* Business */,
			);
			path = Fonts;
			sourceTree = "<group>";
		};
		24D86348280C0A350060760A /* Business */ = {
			isa = PBXGroup;
			children = (
				24F40211280DA33B007DF059 /* good-times */,
				24D86360280C0FDC0060760A /* Libre_Baskerville */,
			);
			path = Business;
			sourceTree = "<group>";
		};
		24D86360280C0FDC0060760A /* Libre_Baskerville */ = {
			isa = PBXGroup;
			children = (
				24D86361280C0FDC0060760A /* LibreBaskerville-Italic.ttf */,
				24D86362280C0FDC0060760A /* LibreBaskerville-Regular.ttf */,
				24D86363280C0FDC0060760A /* OFL.txt */,
				24D86364280C0FDC0060760A /* LibreBaskerville-Bold.ttf */,
			);
			path = Libre_Baskerville;
			sourceTree = "<group>";
		};
		24DAF675285210420046DC51 /* Workers */ = {
			isa = PBXGroup;
			children = (
				24DAF6762852105B0046DC51 /* FilterNetworkWorker.swift */,
			);
			path = Workers;
			sourceTree = "<group>";
		};
		24EF3BC12851D49500789F0E /* Support */ = {
			isa = PBXGroup;
			children = (
				24EF3BC22851D4A800789F0E /* FilterIcons.swift */,
				24DAF67A285219AA0046DC51 /* FilterCategories.swift */,
			);
			path = Support;
			sourceTree = "<group>";
		};
		24F40211280DA33B007DF059 /* good-times */ = {
			isa = PBXGroup;
			children = (
				24F40212280DA33B007DF059 /* typodermic-eula-03-2020.pdf */,
				24F40213280DA33B007DF059 /* goodtimesrg.otf */,
			);
			path = "good-times";
			sourceTree = "<group>";
		};
/* End PBXGroup section */

/* Begin PBXNativeTarget section */
		24D0F068280809E80085FDEA /* QuoterTests */ = {
			isa = PBXNativeTarget;
			buildConfigurationList = 24D0F071280809E80085FDEA /* Build configuration list for PBXNativeTarget "QuoterTests" */;
			buildPhases = (
				8344B6CB2B169DD8D226A6DB /* [CP] Check Pods Manifest.lock */,
				24D0F065280809E80085FDEA /* Sources */,
				24D0F066280809E80085FDEA /* Frameworks */,
				24D0F067280809E80085FDEA /* Resources */,
			);
			buildRules = (
			);
			dependencies = (
				24D0F06E280809E80085FDEA /* PBXTargetDependency */,
			);
			name = QuoterTests;
			productName = QuoterTests;
			productReference = 24D0F069280809E80085FDEA /* QuoterTests.xctest */;
			productType = "com.apple.product-type.bundle.unit-test";
		};
		24D0F07528080A110085FDEA /* QuoterUITests */ = {
			isa = PBXNativeTarget;
			buildConfigurationList = 24D0F07E28080A110085FDEA /* Build configuration list for PBXNativeTarget "QuoterUITests" */;
			buildPhases = (
				2595F9F7AFAF1E154688E8CE /* [CP] Check Pods Manifest.lock */,
				24D0F07228080A110085FDEA /* Sources */,
				24D0F07328080A110085FDEA /* Frameworks */,
				24D0F07428080A110085FDEA /* Resources */,
				945F3DAEF18DEF32B0F7FE8F /* [CP] Embed Pods Frameworks */,
			);
			buildRules = (
			);
			dependencies = (
				24D0F07D28080A110085FDEA /* PBXTargetDependency */,
			);
			name = QuoterUITests;
			productName = QuoterUITests;
			productReference = 24D0F07628080A110085FDEA /* QuoterUITests.xctest */;
			productType = "com.apple.product-type.bundle.ui-testing";
		};
		24D1286E27903ECD00AD7F3D /* Quoter */ = {
			isa = PBXNativeTarget;
			buildConfigurationList = 24D1288327903ECE00AD7F3D /* Build configuration list for PBXNativeTarget "Quoter" */;
			buildPhases = (
				F045964E46CA1C8CF27E46EE /* [CP] Check Pods Manifest.lock */,
				24D1286B27903ECD00AD7F3D /* Sources */,
				24D1286C27903ECD00AD7F3D /* Frameworks */,
				24D1286D27903ECD00AD7F3D /* Resources */,
				BC56BD4AC52D9D261E009FFA /* [CP] Embed Pods Frameworks */,
			);
			buildRules = (
			);
			dependencies = (
			);
			name = Quoter;
			packageProductDependencies = (
				24DEBF4527ABB1D400C40B29 /* Lottie */,
				2497158227D9E23400968E08 /* FirebaseAnalytics */,
				2497158427D9E23400968E08 /* FirebaseCrashlytics */,
				246B82A328313DE000D44DF5 /* SDWebImage */,
			);
			productName = Quoter;
			productReference = 24D1286F27903ECD00AD7F3D /* Quoter.app */;
			productType = "com.apple.product-type.application";
		};
/* End PBXNativeTarget section */

/* Begin PBXProject section */
		24D1286727903ECD00AD7F3D /* Project object */ = {
			isa = PBXProject;
			attributes = {
				BuildIndependentTargetsInParallel = 1;
				LastSwiftUpdateCheck = 1330;
				LastUpgradeCheck = 1320;
				TargetAttributes = {
					24D0F068280809E80085FDEA = {
						CreatedOnToolsVersion = 13.3;
						LastSwiftMigration = 1330;
						TestTargetID = 24D1286E27903ECD00AD7F3D;
					};
					24D0F07528080A110085FDEA = {
						CreatedOnToolsVersion = 13.3;
						LastSwiftMigration = 1330;
						TestTargetID = 24D1286E27903ECD00AD7F3D;
					};
					24D1286E27903ECD00AD7F3D = {
						CreatedOnToolsVersion = 13.2;
					};
				};
			};
			buildConfigurationList = 24D1286A27903ECD00AD7F3D /* Build configuration list for PBXProject "Quoter" */;
			compatibilityVersion = "Xcode 13.0";
			developmentRegion = en;
			hasScannedForEncodings = 0;
			knownRegions = (
				en,
				Base,
			);
			mainGroup = 24D1286627903ECD00AD7F3D;
			packageReferences = (
				24DEBF4427ABB1D400C40B29 /* XCRemoteSwiftPackageReference "lottie-ios" */,
				2497158127D9E23400968E08 /* XCRemoteSwiftPackageReference "firebase-ios-sdk" */,
				246B82A228313DE000D44DF5 /* XCRemoteSwiftPackageReference "SDWebImage" */,
			);
			productRefGroup = 24D1287027903ECD00AD7F3D /* Products */;
			projectDirPath = "";
			projectRoot = "";
			targets = (
				24D1286E27903ECD00AD7F3D /* Quoter */,
				24D0F068280809E80085FDEA /* QuoterTests */,
				24D0F07528080A110085FDEA /* QuoterUITests */,
			);
		};
/* End PBXProject section */

/* Begin PBXResourcesBuildPhase section */
		24D0F067280809E80085FDEA /* Resources */ = {
			isa = PBXResourcesBuildPhase;
			buildActionMask = 2147483647;
			files = (
			);
			runOnlyForDeploymentPostprocessing = 0;
		};
		24D0F07428080A110085FDEA /* Resources */ = {
			isa = PBXResourcesBuildPhase;
			buildActionMask = 2147483647;
			files = (
			);
			runOnlyForDeploymentPostprocessing = 0;
		};
		24D1286D27903ECD00AD7F3D /* Resources */ = {
			isa = PBXResourcesBuildPhase;
			buildActionMask = 2147483647;
			files = (
				24F40214280DA33B007DF059 /* typodermic-eula-03-2020.pdf in Resources */,
				24D86367280C0FDC0060760A /* OFL.txt in Resources */,
				24D86368280C0FDC0060760A /* LibreBaskerville-Bold.ttf in Resources */,
				24CD4C0C2844A6C300A63968 /* wakeup.json in Resources */,
				24D86365280C0FDC0060760A /* LibreBaskerville-Italic.ttf in Resources */,
				24D1287F27903ECE00AD7F3D /* LaunchScreen.storyboard in Resources */,
				24D71D302835203F00BF2505 /* dots.json in Resources */,
				24F40215280DA33B007DF059 /* goodtimesrg.otf in Resources */,
				24D71D2E28351ABF00BF2505 /* flyingPaper.json in Resources */,
				2497158027D9E15F00968E08 /* GoogleService-Info.plist in Resources */,
				24D86366280C0FDC0060760A /* LibreBaskerville-Regular.ttf in Resources */,
				241FF790285F20C500646809 /* simpleLoading.json in Resources */,
				24138A272805ABEE00044F5E /* Assets.xcassets in Resources */,
			);
			runOnlyForDeploymentPostprocessing = 0;
		};
/* End PBXResourcesBuildPhase section */

/* Begin PBXShellScriptBuildPhase section */
		2595F9F7AFAF1E154688E8CE /* [CP] Check Pods Manifest.lock */ = {
			isa = PBXShellScriptBuildPhase;
			buildActionMask = 2147483647;
			files = (
			);
			inputFileListPaths = (
			);
			inputPaths = (
				"${PODS_PODFILE_DIR_PATH}/Podfile.lock",
				"${PODS_ROOT}/Manifest.lock",
			);
			name = "[CP] Check Pods Manifest.lock";
			outputFileListPaths = (
			);
			outputPaths = (
				"$(DERIVED_FILE_DIR)/Pods-Quoter-QuoterUITests-checkManifestLockResult.txt",
			);
			runOnlyForDeploymentPostprocessing = 0;
			shellPath = /bin/sh;
			shellScript = "diff \"${PODS_PODFILE_DIR_PATH}/Podfile.lock\" \"${PODS_ROOT}/Manifest.lock\" > /dev/null\nif [ $? != 0 ] ; then\n    # print error to STDERR\n    echo \"error: The sandbox is not in sync with the Podfile.lock. Run 'pod install' or update your CocoaPods installation.\" >&2\n    exit 1\nfi\n# This output is used by Xcode 'outputs' to avoid re-running this script phase.\necho \"SUCCESS\" > \"${SCRIPT_OUTPUT_FILE_0}\"\n";
			showEnvVarsInLog = 0;
		};
		8344B6CB2B169DD8D226A6DB /* [CP] Check Pods Manifest.lock */ = {
			isa = PBXShellScriptBuildPhase;
			buildActionMask = 2147483647;
			files = (
			);
			inputFileListPaths = (
			);
			inputPaths = (
				"${PODS_PODFILE_DIR_PATH}/Podfile.lock",
				"${PODS_ROOT}/Manifest.lock",
			);
			name = "[CP] Check Pods Manifest.lock";
			outputFileListPaths = (
			);
			outputPaths = (
				"$(DERIVED_FILE_DIR)/Pods-QuoterTests-checkManifestLockResult.txt",
			);
			runOnlyForDeploymentPostprocessing = 0;
			shellPath = /bin/sh;
			shellScript = "diff \"${PODS_PODFILE_DIR_PATH}/Podfile.lock\" \"${PODS_ROOT}/Manifest.lock\" > /dev/null\nif [ $? != 0 ] ; then\n    # print error to STDERR\n    echo \"error: The sandbox is not in sync with the Podfile.lock. Run 'pod install' or update your CocoaPods installation.\" >&2\n    exit 1\nfi\n# This output is used by Xcode 'outputs' to avoid re-running this script phase.\necho \"SUCCESS\" > \"${SCRIPT_OUTPUT_FILE_0}\"\n";
			showEnvVarsInLog = 0;
		};
		945F3DAEF18DEF32B0F7FE8F /* [CP] Embed Pods Frameworks */ = {
			isa = PBXShellScriptBuildPhase;
			buildActionMask = 2147483647;
			files = (
			);
			inputFileListPaths = (
				"${PODS_ROOT}/Target Support Files/Pods-Quoter-QuoterUITests/Pods-Quoter-QuoterUITests-frameworks-${CONFIGURATION}-input-files.xcfilelist",
			);
			name = "[CP] Embed Pods Frameworks";
			outputFileListPaths = (
				"${PODS_ROOT}/Target Support Files/Pods-Quoter-QuoterUITests/Pods-Quoter-QuoterUITests-frameworks-${CONFIGURATION}-output-files.xcfilelist",
			);
			runOnlyForDeploymentPostprocessing = 0;
			shellPath = /bin/sh;
			shellScript = "\"${PODS_ROOT}/Target Support Files/Pods-Quoter-QuoterUITests/Pods-Quoter-QuoterUITests-frameworks.sh\"\n";
			showEnvVarsInLog = 0;
		};
		BC56BD4AC52D9D261E009FFA /* [CP] Embed Pods Frameworks */ = {
			isa = PBXShellScriptBuildPhase;
			buildActionMask = 2147483647;
			files = (
			);
			inputFileListPaths = (
				"${PODS_ROOT}/Target Support Files/Pods-Quoter/Pods-Quoter-frameworks-${CONFIGURATION}-input-files.xcfilelist",
			);
			name = "[CP] Embed Pods Frameworks";
			outputFileListPaths = (
				"${PODS_ROOT}/Target Support Files/Pods-Quoter/Pods-Quoter-frameworks-${CONFIGURATION}-output-files.xcfilelist",
			);
			runOnlyForDeploymentPostprocessing = 0;
			shellPath = /bin/sh;
			shellScript = "\"${PODS_ROOT}/Target Support Files/Pods-Quoter/Pods-Quoter-frameworks.sh\"\n";
			showEnvVarsInLog = 0;
		};
		F045964E46CA1C8CF27E46EE /* [CP] Check Pods Manifest.lock */ = {
			isa = PBXShellScriptBuildPhase;
			buildActionMask = 2147483647;
			files = (
			);
			inputFileListPaths = (
			);
			inputPaths = (
				"${PODS_PODFILE_DIR_PATH}/Podfile.lock",
				"${PODS_ROOT}/Manifest.lock",
			);
			name = "[CP] Check Pods Manifest.lock";
			outputFileListPaths = (
			);
			outputPaths = (
				"$(DERIVED_FILE_DIR)/Pods-Quoter-checkManifestLockResult.txt",
			);
			runOnlyForDeploymentPostprocessing = 0;
			shellPath = /bin/sh;
			shellScript = "diff \"${PODS_PODFILE_DIR_PATH}/Podfile.lock\" \"${PODS_ROOT}/Manifest.lock\" > /dev/null\nif [ $? != 0 ] ; then\n    # print error to STDERR\n    echo \"error: The sandbox is not in sync with the Podfile.lock. Run 'pod install' or update your CocoaPods installation.\" >&2\n    exit 1\nfi\n# This output is used by Xcode 'outputs' to avoid re-running this script phase.\necho \"SUCCESS\" > \"${SCRIPT_OUTPUT_FILE_0}\"\n";
			showEnvVarsInLog = 0;
		};
/* End PBXShellScriptBuildPhase section */

/* Begin PBXSourcesBuildPhase section */
		24D0F065280809E80085FDEA /* Sources */ = {
			isa = PBXSourcesBuildPhase;
			buildActionMask = 2147483647;
			files = (
				24D0F08428080ACA0085FDEA /* MenuIconsTests.swift in Sources */,
			);
			runOnlyForDeploymentPostprocessing = 0;
		};
		24D0F07228080A110085FDEA /* Sources */ = {
			isa = PBXSourcesBuildPhase;
			buildActionMask = 2147483647;
			files = (
			);
			runOnlyForDeploymentPostprocessing = 0;
		};
		24D1286B27903ECD00AD7F3D /* Sources */ = {
			isa = PBXSourcesBuildPhase;
			buildActionMask = 2147483647;
			files = (
				246B828A28311DBB00D44DF5 /* Endpoints.swift in Sources */,
				246700B22859D1A9004C64EB /* AuthorVC.swift in Sources */,
				24D8635F280C0A550060760A /* Fonts.swift in Sources */,
				246700B82859D1CD004C64EB /* AuthorRouter.swift in Sources */,
				242E31EE285361BC00AB4C22 /* UIImageView+Extension.swift in Sources */,
				24138A352805AD6E00044F5E /* UIImage+Extension.swift in Sources */,
				24138A3D2805B39F00044F5E /* Constants.swift in Sources */,
				24A8CEA5284B8EC000B5F6F2 /* ExploreScreenshotCell.swift in Sources */,
				24DAF6792852136D0046DC51 /* FilterCell.swift in Sources */,
				246B829C283137B400D44DF5 /* ExploreInteractor.swift in Sources */,
				24138A232805748200044F5E /* MenuModels.swift in Sources */,
				246B82A72831464B00D44DF5 /* ExploreEntities.swift in Sources */,
				246B82A0283137D800D44DF5 /* ExploreRouter.swift in Sources */,
				241FF792285F670500646809 /* SectionTitleView.swift in Sources */,
				24138A292805AC7300044F5E /* Colors.swift in Sources */,
				246B828F28311DBB00D44DF5 /* QuotieEndpoint.swift in Sources */,
				246700BB2859D1EA004C64EB /* AuthorView.swift in Sources */,
				246B8298283121A600D44DF5 /* ExploreNetworkWorker.swift in Sources */,
				249BE4AC285DCBF600D30127 /* UITableView+Extension.swift in Sources */,
				24EF3BC32851D4A800789F0E /* FilterIcons.swift in Sources */,
				24D5BC272806C2C0003D14CD /* BaseVC.swift in Sources */,
				24138A1C2805726200044F5E /* MenuView.swift in Sources */,
				24D5BC292806FA7A003D14CD /* MenuCell.swift in Sources */,
				246700B62859D1C2004C64EB /* AuthorPresenter.swift in Sources */,
				246B82942831200A00D44DF5 /* QuoteModel.swift in Sources */,
				2458D2982809A25B0088C00E /* ExploreView.swift in Sources */,
				24138A362805AD6E00044F5E /* UIViewController+Extension.swift in Sources */,
				24138A332805AD6E00044F5E /* UIColor+Extension.swift in Sources */,
				2470F65D284E32DD00B6124D /* FilterRouter.swift in Sources */,
				24138A202805739B00044F5E /* MenuItem.swift in Sources */,
				2470F654284E316800B6124D /* FilterVC.swift in Sources */,
				24D018F6280ADE150031C14B /* ArrowButtonView.swift in Sources */,
				241A2A22285B4655005681C5 /* AuthorTableHeaderView.swift in Sources */,
				24D018F9280ADE880031C14B /* ExploreIcons.swift in Sources */,
				24484AD42837C07900D3BFA8 /* QuoteButtonView.swift in Sources */,
				246B82962831204E00D44DF5 /* NetworkWorker.swift in Sources */,
				24CD4C0E2844B23700A63968 /* DeviceModel.swift in Sources */,
				246700B42859D1B7004C64EB /* AuthorInteractor.swift in Sources */,
				24DAF67D285229C00046DC51 /* CALayer+Extension.swift in Sources */,
				24DAF67B285219AA0046DC51 /* FilterCategories.swift in Sources */,
				24A71A36285CC22100835E8C /* AuthorQuotesForSectionCellObject.swift in Sources */,
				2458D29A2809A51A0088C00E /* ExploreCell.swift in Sources */,
				241A2A24285B4902005681C5 /* AuthorEntities.swift in Sources */,
				24138A1A280571CA00044F5E /* MenuVC.swift in Sources */,
				24D5BC2B2806FE93003D14CD /* MenuHeaderView.swift in Sources */,
				24138A342805AD6E00044F5E /* UIView+Extension.swift in Sources */,
				24A71A38285CC26E00835E8C /* OtherAuthorsForSectionCellObject.swift in Sources */,
				24D018FB280B1A460031C14B /* UILabel+Extension.swift in Sources */,
				246B829128311E9300D44DF5 /* QuotieCategoriesEndpoint.swift in Sources */,
				246B829A283124A600D44DF5 /* CategoriesModel.swift in Sources */,
				248C54142850BD600080FBBE /* ModalViewWithTopBorder.swift in Sources */,
				24A71A31285C96F800835E8C /* AuthorCellsManager.swift in Sources */,
				248C54172850E7280080FBBE /* FilterView.swift in Sources */,
				24138A1E2805728300044F5E /* MenuItemView.swift in Sources */,
				2458D29428097EBB0088C00E /* DailyQuotesVC.swift in Sources */,
				24138A172805719400044F5E /* ExploreVC.swift in Sources */,
				24DAF6772852105B0046DC51 /* FilterNetworkWorker.swift in Sources */,
				24D1287327903ECD00AD7F3D /* AppDelegate.swift in Sources */,
				2470F659284E322800B6124D /* FilterInteractor.swift in Sources */,
				24138A322805AD6E00044F5E /* UIApplication+Extension.swift in Sources */,
				2459D5B12843B712001D1812 /* ExploreLayout.swift in Sources */,
				24138A372805AD6E00044F5E /* String+Extension.swift in Sources */,
				24DAF67F285235200046DC51 /* FilterLayout.swift in Sources */,
				24138A3B2805B16600044F5E /* MenuIcons.swift in Sources */,
				241A2A27285B5D34005681C5 /* AuthorNetworkWorker.swift in Sources */,
				246B829E283137C700D44DF5 /* ExplorePresenter.swift in Sources */,
				2470F65B284E328400B6124D /* FilterPresenter.swift in Sources */,
				240028272858B34F005220D7 /* UICollectionView+Extension.swift in Sources */,
				24138A3F2805B90800044F5E /* GalleryVC.swift in Sources */,
				24D1287527903ECD00AD7F3D /* SceneDelegate.swift in Sources */,
			);
			runOnlyForDeploymentPostprocessing = 0;
		};
/* End PBXSourcesBuildPhase section */

/* Begin PBXTargetDependency section */
		24D0F06E280809E80085FDEA /* PBXTargetDependency */ = {
			isa = PBXTargetDependency;
			target = 24D1286E27903ECD00AD7F3D /* Quoter */;
			targetProxy = 24D0F06D280809E80085FDEA /* PBXContainerItemProxy */;
		};
		24D0F07D28080A110085FDEA /* PBXTargetDependency */ = {
			isa = PBXTargetDependency;
			target = 24D1286E27903ECD00AD7F3D /* Quoter */;
			targetProxy = 24D0F07C28080A110085FDEA /* PBXContainerItemProxy */;
		};
/* End PBXTargetDependency section */

/* Begin PBXVariantGroup section */
		24D1287D27903ECE00AD7F3D /* LaunchScreen.storyboard */ = {
			isa = PBXVariantGroup;
			children = (
				24D1287E27903ECE00AD7F3D /* Base */,
			);
			name = LaunchScreen.storyboard;
			sourceTree = "<group>";
		};
/* End PBXVariantGroup section */

/* Begin XCBuildConfiguration section */
		24D0F06F280809E80085FDEA /* Debug */ = {
			isa = XCBuildConfiguration;
			baseConfigurationReference = 71D01ECC9F264369B2C6B17A /* Pods-QuoterTests.debug.xcconfig */;
			buildSettings = {
				BUNDLE_LOADER = "$(TEST_HOST)";
				CLANG_ENABLE_MODULES = YES;
				CODE_SIGN_STYLE = Automatic;
				CURRENT_PROJECT_VERSION = 1;
				DEVELOPMENT_TEAM = 8C7J4PSQLX;
				GENERATE_INFOPLIST_FILE = YES;
				IPHONEOS_DEPLOYMENT_TARGET = 15.4;
				LD_RUNPATH_SEARCH_PATHS = (
					"$(inherited)",
					"@executable_path/Frameworks",
					"@loader_path/Frameworks",
				);
				MARKETING_VERSION = 1.0;
				PRODUCT_BUNDLE_IDENTIFIER = com.firstcar.QuoterTests;
				PRODUCT_NAME = "$(TARGET_NAME)";
				SWIFT_EMIT_LOC_STRINGS = NO;
				SWIFT_OPTIMIZATION_LEVEL = "-Onone";
				SWIFT_VERSION = 5.0;
				TARGETED_DEVICE_FAMILY = "1,2";
				TEST_HOST = "$(BUILT_PRODUCTS_DIR)/Quoter.app/Quoter";
			};
			name = Debug;
		};
		24D0F070280809E80085FDEA /* Release */ = {
			isa = XCBuildConfiguration;
			baseConfigurationReference = B12C486978A3E3B46694629F /* Pods-QuoterTests.release.xcconfig */;
			buildSettings = {
				BUNDLE_LOADER = "$(TEST_HOST)";
				CLANG_ENABLE_MODULES = YES;
				CODE_SIGN_STYLE = Automatic;
				CURRENT_PROJECT_VERSION = 1;
				DEVELOPMENT_TEAM = 8C7J4PSQLX;
				GENERATE_INFOPLIST_FILE = YES;
				IPHONEOS_DEPLOYMENT_TARGET = 15.4;
				LD_RUNPATH_SEARCH_PATHS = (
					"$(inherited)",
					"@executable_path/Frameworks",
					"@loader_path/Frameworks",
				);
				MARKETING_VERSION = 1.0;
				PRODUCT_BUNDLE_IDENTIFIER = com.firstcar.QuoterTests;
				PRODUCT_NAME = "$(TARGET_NAME)";
				SWIFT_EMIT_LOC_STRINGS = NO;
				SWIFT_VERSION = 5.0;
				TARGETED_DEVICE_FAMILY = "1,2";
				TEST_HOST = "$(BUILT_PRODUCTS_DIR)/Quoter.app/Quoter";
			};
			name = Release;
		};
		24D0F07F28080A110085FDEA /* Debug */ = {
			isa = XCBuildConfiguration;
			baseConfigurationReference = 50695C94E842A06AA361EBAE /* Pods-Quoter-QuoterUITests.debug.xcconfig */;
			buildSettings = {
				CLANG_ENABLE_MODULES = YES;
				CODE_SIGN_STYLE = Automatic;
				CURRENT_PROJECT_VERSION = 1;
				DEVELOPMENT_TEAM = 8C7J4PSQLX;
				GENERATE_INFOPLIST_FILE = YES;
				IPHONEOS_DEPLOYMENT_TARGET = 15.4;
				LD_RUNPATH_SEARCH_PATHS = (
					"$(inherited)",
					"@executable_path/Frameworks",
					"@loader_path/Frameworks",
				);
				MARKETING_VERSION = 1.0;
				PRODUCT_BUNDLE_IDENTIFIER = com.firstcar.QuoterUITests;
				PRODUCT_NAME = "$(TARGET_NAME)";
				SWIFT_EMIT_LOC_STRINGS = NO;
				SWIFT_OPTIMIZATION_LEVEL = "-Onone";
				SWIFT_VERSION = 5.0;
				TARGETED_DEVICE_FAMILY = "1,2";
				TEST_TARGET_NAME = Quoter;
			};
			name = Debug;
		};
		24D0F08028080A110085FDEA /* Release */ = {
			isa = XCBuildConfiguration;
			baseConfigurationReference = 61B6433BB813BF89BA859F58 /* Pods-Quoter-QuoterUITests.release.xcconfig */;
			buildSettings = {
				CLANG_ENABLE_MODULES = YES;
				CODE_SIGN_STYLE = Automatic;
				CURRENT_PROJECT_VERSION = 1;
				DEVELOPMENT_TEAM = 8C7J4PSQLX;
				GENERATE_INFOPLIST_FILE = YES;
				IPHONEOS_DEPLOYMENT_TARGET = 15.4;
				LD_RUNPATH_SEARCH_PATHS = (
					"$(inherited)",
					"@executable_path/Frameworks",
					"@loader_path/Frameworks",
				);
				MARKETING_VERSION = 1.0;
				PRODUCT_BUNDLE_IDENTIFIER = com.firstcar.QuoterUITests;
				PRODUCT_NAME = "$(TARGET_NAME)";
				SWIFT_EMIT_LOC_STRINGS = NO;
				SWIFT_VERSION = 5.0;
				TARGETED_DEVICE_FAMILY = "1,2";
				TEST_TARGET_NAME = Quoter;
			};
			name = Release;
		};
		24D1288127903ECE00AD7F3D /* Debug */ = {
			isa = XCBuildConfiguration;
			buildSettings = {
				ALWAYS_SEARCH_USER_PATHS = NO;
				CLANG_ANALYZER_NONNULL = YES;
				CLANG_ANALYZER_NUMBER_OBJECT_CONVERSION = YES_AGGRESSIVE;
				CLANG_CXX_LANGUAGE_STANDARD = "gnu++17";
				CLANG_CXX_LIBRARY = "libc++";
				CLANG_ENABLE_MODULES = YES;
				CLANG_ENABLE_OBJC_ARC = YES;
				CLANG_ENABLE_OBJC_WEAK = YES;
				CLANG_WARN_BLOCK_CAPTURE_AUTORELEASING = YES;
				CLANG_WARN_BOOL_CONVERSION = YES;
				CLANG_WARN_COMMA = YES;
				CLANG_WARN_CONSTANT_CONVERSION = YES;
				CLANG_WARN_DEPRECATED_OBJC_IMPLEMENTATIONS = YES;
				CLANG_WARN_DIRECT_OBJC_ISA_USAGE = YES_ERROR;
				CLANG_WARN_DOCUMENTATION_COMMENTS = YES;
				CLANG_WARN_EMPTY_BODY = YES;
				CLANG_WARN_ENUM_CONVERSION = YES;
				CLANG_WARN_INFINITE_RECURSION = YES;
				CLANG_WARN_INT_CONVERSION = YES;
				CLANG_WARN_NON_LITERAL_NULL_CONVERSION = YES;
				CLANG_WARN_OBJC_IMPLICIT_RETAIN_SELF = YES;
				CLANG_WARN_OBJC_LITERAL_CONVERSION = YES;
				CLANG_WARN_OBJC_ROOT_CLASS = YES_ERROR;
				CLANG_WARN_QUOTED_INCLUDE_IN_FRAMEWORK_HEADER = YES;
				CLANG_WARN_RANGE_LOOP_ANALYSIS = YES;
				CLANG_WARN_STRICT_PROTOTYPES = YES;
				CLANG_WARN_SUSPICIOUS_MOVE = YES;
				CLANG_WARN_UNGUARDED_AVAILABILITY = YES_AGGRESSIVE;
				CLANG_WARN_UNREACHABLE_CODE = YES;
				CLANG_WARN__DUPLICATE_METHOD_MATCH = YES;
				COPY_PHASE_STRIP = NO;
				DEBUG_INFORMATION_FORMAT = dwarf;
				ENABLE_STRICT_OBJC_MSGSEND = YES;
				ENABLE_TESTABILITY = YES;
				GCC_C_LANGUAGE_STANDARD = gnu11;
				GCC_DYNAMIC_NO_PIC = NO;
				GCC_NO_COMMON_BLOCKS = YES;
				GCC_OPTIMIZATION_LEVEL = 0;
				GCC_PREPROCESSOR_DEFINITIONS = (
					"DEBUG=1",
					"$(inherited)",
				);
				GCC_WARN_64_TO_32_BIT_CONVERSION = YES;
				GCC_WARN_ABOUT_RETURN_TYPE = YES_ERROR;
				GCC_WARN_UNDECLARED_SELECTOR = YES;
				GCC_WARN_UNINITIALIZED_AUTOS = YES_AGGRESSIVE;
				GCC_WARN_UNUSED_FUNCTION = YES;
				GCC_WARN_UNUSED_VARIABLE = YES;
				IPHONEOS_DEPLOYMENT_TARGET = 15.0;
				MTL_ENABLE_DEBUG_INFO = INCLUDE_SOURCE;
				MTL_FAST_MATH = YES;
				ONLY_ACTIVE_ARCH = YES;
				SDKROOT = iphoneos;
				SWIFT_ACTIVE_COMPILATION_CONDITIONS = DEBUG;
				SWIFT_OPTIMIZATION_LEVEL = "-Onone";
			};
			name = Debug;
		};
		24D1288227903ECE00AD7F3D /* Release */ = {
			isa = XCBuildConfiguration;
			buildSettings = {
				ALWAYS_SEARCH_USER_PATHS = NO;
				CLANG_ANALYZER_NONNULL = YES;
				CLANG_ANALYZER_NUMBER_OBJECT_CONVERSION = YES_AGGRESSIVE;
				CLANG_CXX_LANGUAGE_STANDARD = "gnu++17";
				CLANG_CXX_LIBRARY = "libc++";
				CLANG_ENABLE_MODULES = YES;
				CLANG_ENABLE_OBJC_ARC = YES;
				CLANG_ENABLE_OBJC_WEAK = YES;
				CLANG_WARN_BLOCK_CAPTURE_AUTORELEASING = YES;
				CLANG_WARN_BOOL_CONVERSION = YES;
				CLANG_WARN_COMMA = YES;
				CLANG_WARN_CONSTANT_CONVERSION = YES;
				CLANG_WARN_DEPRECATED_OBJC_IMPLEMENTATIONS = YES;
				CLANG_WARN_DIRECT_OBJC_ISA_USAGE = YES_ERROR;
				CLANG_WARN_DOCUMENTATION_COMMENTS = YES;
				CLANG_WARN_EMPTY_BODY = YES;
				CLANG_WARN_ENUM_CONVERSION = YES;
				CLANG_WARN_INFINITE_RECURSION = YES;
				CLANG_WARN_INT_CONVERSION = YES;
				CLANG_WARN_NON_LITERAL_NULL_CONVERSION = YES;
				CLANG_WARN_OBJC_IMPLICIT_RETAIN_SELF = YES;
				CLANG_WARN_OBJC_LITERAL_CONVERSION = YES;
				CLANG_WARN_OBJC_ROOT_CLASS = YES_ERROR;
				CLANG_WARN_QUOTED_INCLUDE_IN_FRAMEWORK_HEADER = YES;
				CLANG_WARN_RANGE_LOOP_ANALYSIS = YES;
				CLANG_WARN_STRICT_PROTOTYPES = YES;
				CLANG_WARN_SUSPICIOUS_MOVE = YES;
				CLANG_WARN_UNGUARDED_AVAILABILITY = YES_AGGRESSIVE;
				CLANG_WARN_UNREACHABLE_CODE = YES;
				CLANG_WARN__DUPLICATE_METHOD_MATCH = YES;
				COPY_PHASE_STRIP = NO;
				DEBUG_INFORMATION_FORMAT = "dwarf-with-dsym";
				ENABLE_NS_ASSERTIONS = NO;
				ENABLE_STRICT_OBJC_MSGSEND = YES;
				GCC_C_LANGUAGE_STANDARD = gnu11;
				GCC_NO_COMMON_BLOCKS = YES;
				GCC_WARN_64_TO_32_BIT_CONVERSION = YES;
				GCC_WARN_ABOUT_RETURN_TYPE = YES_ERROR;
				GCC_WARN_UNDECLARED_SELECTOR = YES;
				GCC_WARN_UNINITIALIZED_AUTOS = YES_AGGRESSIVE;
				GCC_WARN_UNUSED_FUNCTION = YES;
				GCC_WARN_UNUSED_VARIABLE = YES;
				IPHONEOS_DEPLOYMENT_TARGET = 15.0;
				MTL_ENABLE_DEBUG_INFO = NO;
				MTL_FAST_MATH = YES;
				SDKROOT = iphoneos;
				SWIFT_COMPILATION_MODE = wholemodule;
				SWIFT_OPTIMIZATION_LEVEL = "-O";
				VALIDATE_PRODUCT = YES;
			};
			name = Release;
		};
		24D1288427903ECE00AD7F3D /* Debug */ = {
			isa = XCBuildConfiguration;
			baseConfigurationReference = BC78E8DD562F9C060FBA4321 /* Pods-Quoter.debug.xcconfig */;
			buildSettings = {
				ASSETCATALOG_COMPILER_APPICON_NAME = AppIcon;
				ASSETCATALOG_COMPILER_GLOBAL_ACCENT_COLOR_NAME = AccentColor;
				CODE_SIGN_STYLE = Automatic;
				CURRENT_PROJECT_VERSION = 5;
				DEVELOPMENT_TEAM = 24V5M6ZW7B;
				GENERATE_INFOPLIST_FILE = YES;
				INFOPLIST_FILE = Quoter/Info.plist;
				INFOPLIST_KEY_CFBundleDisplayName = Quotie;
				INFOPLIST_KEY_UIApplicationSupportsIndirectInputEvents = YES;
				INFOPLIST_KEY_UILaunchStoryboardName = LaunchScreen;
				INFOPLIST_KEY_UISupportedInterfaceOrientations = UIInterfaceOrientationPortrait;
				INFOPLIST_KEY_UISupportedInterfaceOrientations_iPad = "UIInterfaceOrientationPortrait UIInterfaceOrientationPortraitUpsideDown UIInterfaceOrientationLandscapeLeft UIInterfaceOrientationLandscapeRight";
				INFOPLIST_KEY_UISupportedInterfaceOrientations_iPhone = UIInterfaceOrientationPortrait;
				LD_RUNPATH_SEARCH_PATHS = (
					"$(inherited)",
					"@executable_path/Frameworks",
				);
				MARKETING_VERSION = 1.0.2;
				PRODUCT_BUNDLE_IDENTIFIER = com.quotism;
				PRODUCT_NAME = "$(TARGET_NAME)";
				SWIFT_EMIT_LOC_STRINGS = YES;
				SWIFT_VERSION = 5.0;
				TARGETED_DEVICE_FAMILY = 1;
			};
			name = Debug;
		};
		24D1288527903ECE00AD7F3D /* Release */ = {
			isa = XCBuildConfiguration;
			baseConfigurationReference = 356336125EB09D3D5A762E43 /* Pods-Quoter.release.xcconfig */;
			buildSettings = {
				ASSETCATALOG_COMPILER_APPICON_NAME = AppIcon;
				ASSETCATALOG_COMPILER_GLOBAL_ACCENT_COLOR_NAME = AccentColor;
				CODE_SIGN_STYLE = Automatic;
				CURRENT_PROJECT_VERSION = 5;
				DEVELOPMENT_TEAM = 24V5M6ZW7B;
				GENERATE_INFOPLIST_FILE = YES;
				INFOPLIST_FILE = Quoter/Info.plist;
				INFOPLIST_KEY_CFBundleDisplayName = Quotie;
				INFOPLIST_KEY_UIApplicationSupportsIndirectInputEvents = YES;
				INFOPLIST_KEY_UILaunchStoryboardName = LaunchScreen;
				INFOPLIST_KEY_UISupportedInterfaceOrientations = UIInterfaceOrientationPortrait;
				INFOPLIST_KEY_UISupportedInterfaceOrientations_iPad = "UIInterfaceOrientationPortrait UIInterfaceOrientationPortraitUpsideDown UIInterfaceOrientationLandscapeLeft UIInterfaceOrientationLandscapeRight";
				INFOPLIST_KEY_UISupportedInterfaceOrientations_iPhone = UIInterfaceOrientationPortrait;
				LD_RUNPATH_SEARCH_PATHS = (
					"$(inherited)",
					"@executable_path/Frameworks",
				);
				MARKETING_VERSION = 1.0.2;
				PRODUCT_BUNDLE_IDENTIFIER = com.quotism;
				PRODUCT_NAME = "$(TARGET_NAME)";
				SWIFT_EMIT_LOC_STRINGS = YES;
				SWIFT_VERSION = 5.0;
				TARGETED_DEVICE_FAMILY = 1;
			};
			name = Release;
		};
/* End XCBuildConfiguration section */

/* Begin XCConfigurationList section */
		24D0F071280809E80085FDEA /* Build configuration list for PBXNativeTarget "QuoterTests" */ = {
			isa = XCConfigurationList;
			buildConfigurations = (
				24D0F06F280809E80085FDEA /* Debug */,
				24D0F070280809E80085FDEA /* Release */,
			);
			defaultConfigurationIsVisible = 0;
			defaultConfigurationName = Release;
		};
		24D0F07E28080A110085FDEA /* Build configuration list for PBXNativeTarget "QuoterUITests" */ = {
			isa = XCConfigurationList;
			buildConfigurations = (
				24D0F07F28080A110085FDEA /* Debug */,
				24D0F08028080A110085FDEA /* Release */,
			);
			defaultConfigurationIsVisible = 0;
			defaultConfigurationName = Release;
		};
		24D1286A27903ECD00AD7F3D /* Build configuration list for PBXProject "Quoter" */ = {
			isa = XCConfigurationList;
			buildConfigurations = (
				24D1288127903ECE00AD7F3D /* Debug */,
				24D1288227903ECE00AD7F3D /* Release */,
			);
			defaultConfigurationIsVisible = 0;
			defaultConfigurationName = Release;
		};
		24D1288327903ECE00AD7F3D /* Build configuration list for PBXNativeTarget "Quoter" */ = {
			isa = XCConfigurationList;
			buildConfigurations = (
				24D1288427903ECE00AD7F3D /* Debug */,
				24D1288527903ECE00AD7F3D /* Release */,
			);
			defaultConfigurationIsVisible = 0;
			defaultConfigurationName = Release;
		};
/* End XCConfigurationList section */

/* Begin XCRemoteSwiftPackageReference section */
		246B82A228313DE000D44DF5 /* XCRemoteSwiftPackageReference "SDWebImage" */ = {
			isa = XCRemoteSwiftPackageReference;
			repositoryURL = "https://github.com/SDWebImage/SDWebImage";
			requirement = {
				kind = upToNextMajorVersion;
				minimumVersion = 5.0.0;
			};
		};
		2497158127D9E23400968E08 /* XCRemoteSwiftPackageReference "firebase-ios-sdk" */ = {
			isa = XCRemoteSwiftPackageReference;
			repositoryURL = "https://github.com/firebase/firebase-ios-sdk";
			requirement = {
				kind = upToNextMajorVersion;
				minimumVersion = 8.0.0;
			};
		};
		24DEBF4427ABB1D400C40B29 /* XCRemoteSwiftPackageReference "lottie-ios" */ = {
			isa = XCRemoteSwiftPackageReference;
			repositoryURL = "https://github.com/LottieFiles/lottie-ios";
			requirement = {
				kind = upToNextMajorVersion;
				minimumVersion = 3.0.0;
			};
		};
/* End XCRemoteSwiftPackageReference section */

/* Begin XCSwiftPackageProductDependency section */
		246B82A328313DE000D44DF5 /* SDWebImage */ = {
			isa = XCSwiftPackageProductDependency;
			package = 246B82A228313DE000D44DF5 /* XCRemoteSwiftPackageReference "SDWebImage" */;
			productName = SDWebImage;
		};
		2497158227D9E23400968E08 /* FirebaseAnalytics */ = {
			isa = XCSwiftPackageProductDependency;
			package = 2497158127D9E23400968E08 /* XCRemoteSwiftPackageReference "firebase-ios-sdk" */;
			productName = FirebaseAnalytics;
		};
		2497158427D9E23400968E08 /* FirebaseCrashlytics */ = {
			isa = XCSwiftPackageProductDependency;
			package = 2497158127D9E23400968E08 /* XCRemoteSwiftPackageReference "firebase-ios-sdk" */;
			productName = FirebaseCrashlytics;
		};
		24DEBF4527ABB1D400C40B29 /* Lottie */ = {
			isa = XCSwiftPackageProductDependency;
			package = 24DEBF4427ABB1D400C40B29 /* XCRemoteSwiftPackageReference "lottie-ios" */;
			productName = Lottie;
		};
/* End XCSwiftPackageProductDependency section */
	};
	rootObject = 24D1286727903ECD00AD7F3D /* Project object */;
}
