// !$*UTF8*$!
{
	archiveVersion = 1;
	classes = {
	};
	objectVersion = 55;
	objects = {

/* Begin PBXBuildFile section */
		24A0D38927A7ED84002286F6 /* CoreDataModel.xcdatamodeld in Sources */ = {isa = PBXBuildFile; fileRef = 24A0D38727A7ED84002286F6 /* CoreDataModel.xcdatamodeld */; };
		24A0D38B27A7F099002286F6 /* CoreDataManager.swift in Sources */ = {isa = PBXBuildFile; fileRef = 24A0D38A27A7F099002286F6 /* CoreDataManager.swift */; };
		24AD7D62279A9DA300BFC1BF /* QuoteModel.swift in Sources */ = {isa = PBXBuildFile; fileRef = 24AD7D61279A9DA300BFC1BF /* QuoteModel.swift */; };
		24BEA3DE27985FEE009DB491 /* ExploreVC.swift in Sources */ = {isa = PBXBuildFile; fileRef = 24BEA3DD27985FEE009DB491 /* ExploreVC.swift */; };
		24BEA3E02798601A009DB491 /* QuoteView.swift in Sources */ = {isa = PBXBuildFile; fileRef = 24BEA3DF2798601A009DB491 /* QuoteView.swift */; };
		24BEA3E427986C08009DB491 /* QuoteVC.swift in Sources */ = {isa = PBXBuildFile; fileRef = 24BEA3E327986C08009DB491 /* QuoteVC.swift */; };
		24CB9FE427930C0B00E9D49F /* QuoteEndpoints.swift in Sources */ = {isa = PBXBuildFile; fileRef = 24CB9FE227930C0B00E9D49F /* QuoteEndpoints.swift */; };
		24CB9FE927930C1700E9D49F /* AuthorModel.swift in Sources */ = {isa = PBXBuildFile; fileRef = 24CB9FE727930C1700E9D49F /* AuthorModel.swift */; };
		24CB9FED27930C2700E9D49F /* NetworkManager.swift in Sources */ = {isa = PBXBuildFile; fileRef = 24CB9FEB27930C2700E9D49F /* NetworkManager.swift */; };
		24CB9FEE27930C2700E9D49F /* QuoteManager.swift in Sources */ = {isa = PBXBuildFile; fileRef = 24CB9FEC27930C2700E9D49F /* QuoteManager.swift */; };
		24D0B25127A055C00050D3B4 /* TabbarController.swift in Sources */ = {isa = PBXBuildFile; fileRef = 24D0B25027A055C00050D3B4 /* TabbarController.swift */; };
		24D1287327903ECD00AD7F3D /* AppDelegate.swift in Sources */ = {isa = PBXBuildFile; fileRef = 24D1287227903ECD00AD7F3D /* AppDelegate.swift */; };
		24D1287527903ECD00AD7F3D /* SceneDelegate.swift in Sources */ = {isa = PBXBuildFile; fileRef = 24D1287427903ECD00AD7F3D /* SceneDelegate.swift */; };
		24D1287727903ECD00AD7F3D /* AuthorsVC.swift in Sources */ = {isa = PBXBuildFile; fileRef = 24D1287627903ECD00AD7F3D /* AuthorsVC.swift */; };
		24D1287C27903ECE00AD7F3D /* Assets.xcassets in Resources */ = {isa = PBXBuildFile; fileRef = 24D1287B27903ECE00AD7F3D /* Assets.xcassets */; };
		24D1287F27903ECE00AD7F3D /* LaunchScreen.storyboard in Resources */ = {isa = PBXBuildFile; fileRef = 24D1287D27903ECE00AD7F3D /* LaunchScreen.storyboard */; };
		24D1288827903FB100AD7F3D /* AuthorsView.swift in Sources */ = {isa = PBXBuildFile; fileRef = 24D1288727903FB100AD7F3D /* AuthorsView.swift */; };
		24D128972790491500AD7F3D /* UIColor+Extension.swift in Sources */ = {isa = PBXBuildFile; fileRef = 24D128962790491500AD7F3D /* UIColor+Extension.swift */; };
		24D1289927904D0E00AD7F3D /* AppColors.swift in Sources */ = {isa = PBXBuildFile; fileRef = 24D1289827904D0E00AD7F3D /* AppColors.swift */; };
		24D1289C2790887A00AD7F3D /* SnapKit in Frameworks */ = {isa = PBXBuildFile; productRef = 24D1289B2790887A00AD7F3D /* SnapKit */; };
		24D1289F2790AB4900AD7F3D /* Kingfisher in Frameworks */ = {isa = PBXBuildFile; productRef = 24D1289E2790AB4900AD7F3D /* Kingfisher */; };
		24D128A12790AD0500AD7F3D /* AuthorsContentView.swift in Sources */ = {isa = PBXBuildFile; fileRef = 24D128A02790AD0500AD7F3D /* AuthorsContentView.swift */; };
		24D128A32790AE0E00AD7F3D /* PublicConstants.swift in Sources */ = {isa = PBXBuildFile; fileRef = 24D128A22790AE0E00AD7F3D /* PublicConstants.swift */; };
		24D1815027A6D7F600F79C91 /* IdeaImageView.swift in Sources */ = {isa = PBXBuildFile; fileRef = 24D1814F27A6D7F600F79C91 /* IdeaImageView.swift */; };
		24D264F62791777500614218 /* AuthorCell.swift in Sources */ = {isa = PBXBuildFile; fileRef = 24D264F52791777500614218 /* AuthorCell.swift */; };
		24D264F82791940F00614218 /* AuthorCellVM.swift in Sources */ = {isa = PBXBuildFile; fileRef = 24D264F72791940F00614218 /* AuthorCellVM.swift */; };
		24DF187227A554AE00D93F8D /* RandomImageModel.swift in Sources */ = {isa = PBXBuildFile; fileRef = 24DF187127A554AE00D93F8D /* RandomImageModel.swift */; };
		24F51F09279E85ED003057F7 /* Kalam-Regular.ttf in Resources */ = {isa = PBXBuildFile; fileRef = 24F51F05279E85ED003057F7 /* Kalam-Regular.ttf */; };
		24F51F0A279E85ED003057F7 /* Kalam-Light.ttf in Resources */ = {isa = PBXBuildFile; fileRef = 24F51F06279E85ED003057F7 /* Kalam-Light.ttf */; };
		24F51F0B279E85ED003057F7 /* Kalam-Bold.ttf in Resources */ = {isa = PBXBuildFile; fileRef = 24F51F07279E85ED003057F7 /* Kalam-Bold.ttf */; };
		24F51F0C279E85ED003057F7 /* OFL.txt in Resources */ = {isa = PBXBuildFile; fileRef = 24F51F08279E85ED003057F7 /* OFL.txt */; };
		24F51F10279EA378003057F7 /* TabbarView.swift in Sources */ = {isa = PBXBuildFile; fileRef = 24F51F0F279EA378003057F7 /* TabbarView.swift */; };
		24F51F21279EB7CE003057F7 /* Roboto-Medium.ttf in Resources */ = {isa = PBXBuildFile; fileRef = 24F51F14279EB7CE003057F7 /* Roboto-Medium.ttf */; };
		24F51F22279EB7CE003057F7 /* Roboto-Light.ttf in Resources */ = {isa = PBXBuildFile; fileRef = 24F51F15279EB7CE003057F7 /* Roboto-Light.ttf */; };
		24F51F23279EB7CE003057F7 /* Roboto-Regular.ttf in Resources */ = {isa = PBXBuildFile; fileRef = 24F51F16279EB7CE003057F7 /* Roboto-Regular.ttf */; };
		24F51F24279EB7CE003057F7 /* Roboto-MediumItalic.ttf in Resources */ = {isa = PBXBuildFile; fileRef = 24F51F17279EB7CE003057F7 /* Roboto-MediumItalic.ttf */; };
		24F51F25279EB7CE003057F7 /* Roboto-ThinItalic.ttf in Resources */ = {isa = PBXBuildFile; fileRef = 24F51F18279EB7CE003057F7 /* Roboto-ThinItalic.ttf */; };
		24F51F26279EB7CE003057F7 /* Roboto-BoldItalic.ttf in Resources */ = {isa = PBXBuildFile; fileRef = 24F51F19279EB7CE003057F7 /* Roboto-BoldItalic.ttf */; };
		24F51F27279EB7CE003057F7 /* Roboto-LightItalic.ttf in Resources */ = {isa = PBXBuildFile; fileRef = 24F51F1A279EB7CE003057F7 /* Roboto-LightItalic.ttf */; };
		24F51F28279EB7CE003057F7 /* Roboto-Italic.ttf in Resources */ = {isa = PBXBuildFile; fileRef = 24F51F1B279EB7CE003057F7 /* Roboto-Italic.ttf */; };
		24F51F29279EB7CE003057F7 /* LICENSE.txt in Resources */ = {isa = PBXBuildFile; fileRef = 24F51F1C279EB7CE003057F7 /* LICENSE.txt */; };
		24F51F2A279EB7CE003057F7 /* Roboto-BlackItalic.ttf in Resources */ = {isa = PBXBuildFile; fileRef = 24F51F1D279EB7CE003057F7 /* Roboto-BlackItalic.ttf */; };
		24F51F2B279EB7CE003057F7 /* Roboto-Bold.ttf in Resources */ = {isa = PBXBuildFile; fileRef = 24F51F1E279EB7CE003057F7 /* Roboto-Bold.ttf */; };
		24F51F2C279EB7CE003057F7 /* Roboto-Thin.ttf in Resources */ = {isa = PBXBuildFile; fileRef = 24F51F1F279EB7CE003057F7 /* Roboto-Thin.ttf */; };
		24F51F2D279EB7CE003057F7 /* Roboto-Black.ttf in Resources */ = {isa = PBXBuildFile; fileRef = 24F51F20279EB7CE003057F7 /* Roboto-Black.ttf */; };
		24F51F2F279EEB12003057F7 /* TabbarItemView.swift in Sources */ = {isa = PBXBuildFile; fileRef = 24F51F2E279EEB12003057F7 /* TabbarItemView.swift */; };
/* End PBXBuildFile section */

/* Begin PBXFileReference section */
		24A0D38827A7ED84002286F6 /* CoreDataModel.xcdatamodel */ = {isa = PBXFileReference; lastKnownFileType = wrapper.xcdatamodel; path = CoreDataModel.xcdatamodel; sourceTree = "<group>"; };
		24A0D38A27A7F099002286F6 /* CoreDataManager.swift */ = {isa = PBXFileReference; lastKnownFileType = sourcecode.swift; path = CoreDataManager.swift; sourceTree = "<group>"; };
		24AD7D61279A9DA300BFC1BF /* QuoteModel.swift */ = {isa = PBXFileReference; lastKnownFileType = sourcecode.swift; path = QuoteModel.swift; sourceTree = "<group>"; };
		24BEA3DD27985FEE009DB491 /* ExploreVC.swift */ = {isa = PBXFileReference; lastKnownFileType = sourcecode.swift; path = ExploreVC.swift; sourceTree = "<group>"; };
		24BEA3DF2798601A009DB491 /* QuoteView.swift */ = {isa = PBXFileReference; lastKnownFileType = sourcecode.swift; path = QuoteView.swift; sourceTree = "<group>"; };
		24BEA3E327986C08009DB491 /* QuoteVC.swift */ = {isa = PBXFileReference; lastKnownFileType = sourcecode.swift; path = QuoteVC.swift; sourceTree = "<group>"; };
		24CB9FE227930C0B00E9D49F /* QuoteEndpoints.swift */ = {isa = PBXFileReference; fileEncoding = 4; lastKnownFileType = sourcecode.swift; path = QuoteEndpoints.swift; sourceTree = "<group>"; };
		24CB9FE727930C1700E9D49F /* AuthorModel.swift */ = {isa = PBXFileReference; fileEncoding = 4; lastKnownFileType = sourcecode.swift; path = AuthorModel.swift; sourceTree = "<group>"; };
		24CB9FEB27930C2700E9D49F /* NetworkManager.swift */ = {isa = PBXFileReference; fileEncoding = 4; lastKnownFileType = sourcecode.swift; path = NetworkManager.swift; sourceTree = "<group>"; };
		24CB9FEC27930C2700E9D49F /* QuoteManager.swift */ = {isa = PBXFileReference; fileEncoding = 4; lastKnownFileType = sourcecode.swift; path = QuoteManager.swift; sourceTree = "<group>"; };
		24D0B25027A055C00050D3B4 /* TabbarController.swift */ = {isa = PBXFileReference; lastKnownFileType = sourcecode.swift; path = TabbarController.swift; sourceTree = "<group>"; };
		24D1286F27903ECD00AD7F3D /* Quoter.app */ = {isa = PBXFileReference; explicitFileType = wrapper.application; includeInIndex = 0; path = Quoter.app; sourceTree = BUILT_PRODUCTS_DIR; };
		24D1287227903ECD00AD7F3D /* AppDelegate.swift */ = {isa = PBXFileReference; lastKnownFileType = sourcecode.swift; path = AppDelegate.swift; sourceTree = "<group>"; };
		24D1287427903ECD00AD7F3D /* SceneDelegate.swift */ = {isa = PBXFileReference; lastKnownFileType = sourcecode.swift; path = SceneDelegate.swift; sourceTree = "<group>"; };
		24D1287627903ECD00AD7F3D /* AuthorsVC.swift */ = {isa = PBXFileReference; lastKnownFileType = sourcecode.swift; path = AuthorsVC.swift; sourceTree = "<group>"; };
		24D1287B27903ECE00AD7F3D /* Assets.xcassets */ = {isa = PBXFileReference; lastKnownFileType = folder.assetcatalog; path = Assets.xcassets; sourceTree = "<group>"; };
		24D1287E27903ECE00AD7F3D /* Base */ = {isa = PBXFileReference; lastKnownFileType = file.storyboard; name = Base; path = Base.lproj/LaunchScreen.storyboard; sourceTree = "<group>"; };
		24D1288027903ECE00AD7F3D /* Info.plist */ = {isa = PBXFileReference; lastKnownFileType = text.plist.xml; path = Info.plist; sourceTree = "<group>"; };
		24D1288727903FB100AD7F3D /* AuthorsView.swift */ = {isa = PBXFileReference; lastKnownFileType = sourcecode.swift; path = AuthorsView.swift; sourceTree = "<group>"; };
		24D128962790491500AD7F3D /* UIColor+Extension.swift */ = {isa = PBXFileReference; lastKnownFileType = sourcecode.swift; path = "UIColor+Extension.swift"; sourceTree = "<group>"; };
		24D1289827904D0E00AD7F3D /* AppColors.swift */ = {isa = PBXFileReference; lastKnownFileType = sourcecode.swift; path = AppColors.swift; sourceTree = "<group>"; };
		24D128A02790AD0500AD7F3D /* AuthorsContentView.swift */ = {isa = PBXFileReference; lastKnownFileType = sourcecode.swift; path = AuthorsContentView.swift; sourceTree = "<group>"; };
		24D128A22790AE0E00AD7F3D /* PublicConstants.swift */ = {isa = PBXFileReference; lastKnownFileType = sourcecode.swift; path = PublicConstants.swift; sourceTree = "<group>"; };
		24D1814F27A6D7F600F79C91 /* IdeaImageView.swift */ = {isa = PBXFileReference; lastKnownFileType = sourcecode.swift; path = IdeaImageView.swift; sourceTree = "<group>"; };
		24D264F52791777500614218 /* AuthorCell.swift */ = {isa = PBXFileReference; lastKnownFileType = sourcecode.swift; path = AuthorCell.swift; sourceTree = "<group>"; };
		24D264F72791940F00614218 /* AuthorCellVM.swift */ = {isa = PBXFileReference; lastKnownFileType = sourcecode.swift; path = AuthorCellVM.swift; sourceTree = "<group>"; };
		24DF187127A554AE00D93F8D /* RandomImageModel.swift */ = {isa = PBXFileReference; lastKnownFileType = sourcecode.swift; path = RandomImageModel.swift; sourceTree = "<group>"; };
		24F51F05279E85ED003057F7 /* Kalam-Regular.ttf */ = {isa = PBXFileReference; lastKnownFileType = file; path = "Kalam-Regular.ttf"; sourceTree = "<group>"; };
		24F51F06279E85ED003057F7 /* Kalam-Light.ttf */ = {isa = PBXFileReference; lastKnownFileType = file; path = "Kalam-Light.ttf"; sourceTree = "<group>"; };
		24F51F07279E85ED003057F7 /* Kalam-Bold.ttf */ = {isa = PBXFileReference; lastKnownFileType = file; path = "Kalam-Bold.ttf"; sourceTree = "<group>"; };
		24F51F08279E85ED003057F7 /* OFL.txt */ = {isa = PBXFileReference; fileEncoding = 4; lastKnownFileType = text; path = OFL.txt; sourceTree = "<group>"; };
		24F51F0F279EA378003057F7 /* TabbarView.swift */ = {isa = PBXFileReference; lastKnownFileType = sourcecode.swift; path = TabbarView.swift; sourceTree = "<group>"; };
		24F51F14279EB7CE003057F7 /* Roboto-Medium.ttf */ = {isa = PBXFileReference; lastKnownFileType = file; path = "Roboto-Medium.ttf"; sourceTree = "<group>"; };
		24F51F15279EB7CE003057F7 /* Roboto-Light.ttf */ = {isa = PBXFileReference; lastKnownFileType = file; path = "Roboto-Light.ttf"; sourceTree = "<group>"; };
		24F51F16279EB7CE003057F7 /* Roboto-Regular.ttf */ = {isa = PBXFileReference; lastKnownFileType = file; path = "Roboto-Regular.ttf"; sourceTree = "<group>"; };
		24F51F17279EB7CE003057F7 /* Roboto-MediumItalic.ttf */ = {isa = PBXFileReference; lastKnownFileType = file; path = "Roboto-MediumItalic.ttf"; sourceTree = "<group>"; };
		24F51F18279EB7CE003057F7 /* Roboto-ThinItalic.ttf */ = {isa = PBXFileReference; lastKnownFileType = file; path = "Roboto-ThinItalic.ttf"; sourceTree = "<group>"; };
		24F51F19279EB7CE003057F7 /* Roboto-BoldItalic.ttf */ = {isa = PBXFileReference; lastKnownFileType = file; path = "Roboto-BoldItalic.ttf"; sourceTree = "<group>"; };
		24F51F1A279EB7CE003057F7 /* Roboto-LightItalic.ttf */ = {isa = PBXFileReference; lastKnownFileType = file; path = "Roboto-LightItalic.ttf"; sourceTree = "<group>"; };
		24F51F1B279EB7CE003057F7 /* Roboto-Italic.ttf */ = {isa = PBXFileReference; lastKnownFileType = file; path = "Roboto-Italic.ttf"; sourceTree = "<group>"; };
		24F51F1C279EB7CE003057F7 /* LICENSE.txt */ = {isa = PBXFileReference; fileEncoding = 4; lastKnownFileType = text; path = LICENSE.txt; sourceTree = "<group>"; };
		24F51F1D279EB7CE003057F7 /* Roboto-BlackItalic.ttf */ = {isa = PBXFileReference; lastKnownFileType = file; path = "Roboto-BlackItalic.ttf"; sourceTree = "<group>"; };
		24F51F1E279EB7CE003057F7 /* Roboto-Bold.ttf */ = {isa = PBXFileReference; lastKnownFileType = file; path = "Roboto-Bold.ttf"; sourceTree = "<group>"; };
		24F51F1F279EB7CE003057F7 /* Roboto-Thin.ttf */ = {isa = PBXFileReference; lastKnownFileType = file; path = "Roboto-Thin.ttf"; sourceTree = "<group>"; };
		24F51F20279EB7CE003057F7 /* Roboto-Black.ttf */ = {isa = PBXFileReference; lastKnownFileType = file; path = "Roboto-Black.ttf"; sourceTree = "<group>"; };
		24F51F2E279EEB12003057F7 /* TabbarItemView.swift */ = {isa = PBXFileReference; lastKnownFileType = sourcecode.swift; path = TabbarItemView.swift; sourceTree = "<group>"; };
/* End PBXFileReference section */

/* Begin PBXFrameworksBuildPhase section */
		24D1286C27903ECD00AD7F3D /* Frameworks */ = {
			isa = PBXFrameworksBuildPhase;
			buildActionMask = 2147483647;
			files = (
				24D1289F2790AB4900AD7F3D /* Kingfisher in Frameworks */,
				24D1289C2790887A00AD7F3D /* SnapKit in Frameworks */,
			);
			runOnlyForDeploymentPostprocessing = 0;
		};
/* End PBXFrameworksBuildPhase section */

/* Begin PBXGroup section */
		24BEA3DC27985FDA009DB491 /* ExploreScene */ = {
			isa = PBXGroup;
			children = (
				24BEA3DD27985FEE009DB491 /* ExploreVC.swift */,
				24BEA3E327986C08009DB491 /* QuoteVC.swift */,
				24BEA3DF2798601A009DB491 /* QuoteView.swift */,
			);
			path = ExploreScene;
			sourceTree = "<group>";
		};
		24CB9FE027930C0B00E9D49F /* Endpoints */ = {
			isa = PBXGroup;
			children = (
				24CB9FE227930C0B00E9D49F /* QuoteEndpoints.swift */,
			);
			path = Endpoints;
			sourceTree = "<group>";
		};
		24CB9FE527930C1700E9D49F /* Models */ = {
			isa = PBXGroup;
			children = (
				24A0D38727A7ED84002286F6 /* CoreDataModel.xcdatamodeld */,
				24CB9FE727930C1700E9D49F /* AuthorModel.swift */,
				24AD7D61279A9DA300BFC1BF /* QuoteModel.swift */,
				24DF187127A554AE00D93F8D /* RandomImageModel.swift */,
			);
			path = Models;
			sourceTree = "<group>";
		};
		24CB9FEA27930C2700E9D49F /* Managers */ = {
			isa = PBXGroup;
			children = (
				24CB9FEC27930C2700E9D49F /* QuoteManager.swift */,
				24CB9FEB27930C2700E9D49F /* NetworkManager.swift */,
				24A0D38A27A7F099002286F6 /* CoreDataManager.swift */,
			);
			path = Managers;
			sourceTree = "<group>";
		};
		24D1286627903ECD00AD7F3D = {
			isa = PBXGroup;
			children = (
				24D1287127903ECD00AD7F3D /* Quoter */,
				24D1287027903ECD00AD7F3D /* Products */,
			);
			sourceTree = "<group>";
		};
		24D1287027903ECD00AD7F3D /* Products */ = {
			isa = PBXGroup;
			children = (
				24D1286F27903ECD00AD7F3D /* Quoter.app */,
			);
			name = Products;
			sourceTree = "<group>";
		};
		24D1287127903ECD00AD7F3D /* Quoter */ = {
			isa = PBXGroup;
			children = (
				24D1289827904D0E00AD7F3D /* AppColors.swift */,
				24D128A22790AE0E00AD7F3D /* PublicConstants.swift */,
				24D1288627903F5900AD7F3D /* App */,
				24F51F0D279EA27F003057F7 /* Fonts */,
				24CB9FE527930C1700E9D49F /* Models */,
				24CB9FEA27930C2700E9D49F /* Managers */,
				24CB9FE027930C0B00E9D49F /* Endpoints */,
				24D128952790490400AD7F3D /* Extensions */,
				24D1288927903FE000AD7F3D /* Presentation */,
				24D1287B27903ECE00AD7F3D /* Assets.xcassets */,
				24D1287D27903ECE00AD7F3D /* LaunchScreen.storyboard */,
				24D1288027903ECE00AD7F3D /* Info.plist */,
			);
			path = Quoter;
			sourceTree = "<group>";
		};
		24D1288627903F5900AD7F3D /* App */ = {
			isa = PBXGroup;
			children = (
				24D1287227903ECD00AD7F3D /* AppDelegate.swift */,
				24D1287427903ECD00AD7F3D /* SceneDelegate.swift */,
			);
			path = App;
			sourceTree = "<group>";
		};
		24D1288927903FE000AD7F3D /* Presentation */ = {
			isa = PBXGroup;
			children = (
				24D1288C2790400100AD7F3D /* SharedElements */,
				24D1288A27903FEC00AD7F3D /* Scenes */,
			);
			path = Presentation;
			sourceTree = "<group>";
		};
		24D1288A27903FEC00AD7F3D /* Scenes */ = {
			isa = PBXGroup;
			children = (
				24BEA3DC27985FDA009DB491 /* ExploreScene */,
				24D1288B27903FF500AD7F3D /* AuthorsScene */,
			);
			path = Scenes;
			sourceTree = "<group>";
		};
		24D1288B27903FF500AD7F3D /* AuthorsScene */ = {
			isa = PBXGroup;
			children = (
				24D1287627903ECD00AD7F3D /* AuthorsVC.swift */,
				24D1288727903FB100AD7F3D /* AuthorsView.swift */,
				24D128A02790AD0500AD7F3D /* AuthorsContentView.swift */,
				24D264F52791777500614218 /* AuthorCell.swift */,
				24D264F72791940F00614218 /* AuthorCellVM.swift */,
			);
			path = AuthorsScene;
			sourceTree = "<group>";
		};
		24D1288C2790400100AD7F3D /* SharedElements */ = {
			isa = PBXGroup;
			children = (
				24D1814F27A6D7F600F79C91 /* IdeaImageView.swift */,
				24F51F0E279EA360003057F7 /* TabbarController */,
			);
			path = SharedElements;
			sourceTree = "<group>";
		};
		24D128952790490400AD7F3D /* Extensions */ = {
			isa = PBXGroup;
			children = (
				24D128962790491500AD7F3D /* UIColor+Extension.swift */,
			);
			path = Extensions;
			sourceTree = "<group>";
		};
		24F51F04279E85ED003057F7 /* Kalam */ = {
			isa = PBXGroup;
			children = (
				24F51F05279E85ED003057F7 /* Kalam-Regular.ttf */,
				24F51F06279E85ED003057F7 /* Kalam-Light.ttf */,
				24F51F07279E85ED003057F7 /* Kalam-Bold.ttf */,
				24F51F08279E85ED003057F7 /* OFL.txt */,
			);
			path = Kalam;
			sourceTree = "<group>";
		};
		24F51F0D279EA27F003057F7 /* Fonts */ = {
			isa = PBXGroup;
			children = (
				24F51F13279EB7CE003057F7 /* Roboto */,
				24F51F04279E85ED003057F7 /* Kalam */,
			);
			path = Fonts;
			sourceTree = "<group>";
		};
		24F51F0E279EA360003057F7 /* TabbarController */ = {
			isa = PBXGroup;
			children = (
				24F51F2E279EEB12003057F7 /* TabbarItemView.swift */,
				24F51F0F279EA378003057F7 /* TabbarView.swift */,
				24D0B25027A055C00050D3B4 /* TabbarController.swift */,
			);
			path = TabbarController;
			sourceTree = "<group>";
		};
		24F51F13279EB7CE003057F7 /* Roboto */ = {
			isa = PBXGroup;
			children = (
				24F51F14279EB7CE003057F7 /* Roboto-Medium.ttf */,
				24F51F15279EB7CE003057F7 /* Roboto-Light.ttf */,
				24F51F16279EB7CE003057F7 /* Roboto-Regular.ttf */,
				24F51F17279EB7CE003057F7 /* Roboto-MediumItalic.ttf */,
				24F51F18279EB7CE003057F7 /* Roboto-ThinItalic.ttf */,
				24F51F19279EB7CE003057F7 /* Roboto-BoldItalic.ttf */,
				24F51F1A279EB7CE003057F7 /* Roboto-LightItalic.ttf */,
				24F51F1B279EB7CE003057F7 /* Roboto-Italic.ttf */,
				24F51F1C279EB7CE003057F7 /* LICENSE.txt */,
				24F51F1D279EB7CE003057F7 /* Roboto-BlackItalic.ttf */,
				24F51F1E279EB7CE003057F7 /* Roboto-Bold.ttf */,
				24F51F1F279EB7CE003057F7 /* Roboto-Thin.ttf */,
				24F51F20279EB7CE003057F7 /* Roboto-Black.ttf */,
			);
			path = Roboto;
			sourceTree = "<group>";
		};
/* End PBXGroup section */

/* Begin PBXNativeTarget section */
		24D1286E27903ECD00AD7F3D /* Quoter */ = {
			isa = PBXNativeTarget;
			buildConfigurationList = 24D1288327903ECE00AD7F3D /* Build configuration list for PBXNativeTarget "Quoter" */;
			buildPhases = (
				24D1286B27903ECD00AD7F3D /* Sources */,
				24D1286C27903ECD00AD7F3D /* Frameworks */,
				24D1286D27903ECD00AD7F3D /* Resources */,
			);
			buildRules = (
			);
			dependencies = (
			);
			name = Quoter;
			packageProductDependencies = (
				24D1289B2790887A00AD7F3D /* SnapKit */,
				24D1289E2790AB4900AD7F3D /* Kingfisher */,
			);
			productName = Quoter;
			productReference = 24D1286F27903ECD00AD7F3D /* Quoter.app */;
			productType = "com.apple.product-type.application";
		};
/* End PBXNativeTarget section */

/* Begin PBXProject section */
		24D1286727903ECD00AD7F3D /* Project object */ = {
			isa = PBXProject;
			attributes = {
				BuildIndependentTargetsInParallel = 1;
				LastSwiftUpdateCheck = 1320;
				LastUpgradeCheck = 1320;
				TargetAttributes = {
					24D1286E27903ECD00AD7F3D = {
						CreatedOnToolsVersion = 13.2;
					};
				};
			};
			buildConfigurationList = 24D1286A27903ECD00AD7F3D /* Build configuration list for PBXProject "Quoter" */;
			compatibilityVersion = "Xcode 13.0";
			developmentRegion = en;
			hasScannedForEncodings = 0;
			knownRegions = (
				en,
				Base,
			);
			mainGroup = 24D1286627903ECD00AD7F3D;
			packageReferences = (
				24D1289A2790887A00AD7F3D /* XCRemoteSwiftPackageReference "SnapKit" */,
				24D1289D2790AB4900AD7F3D /* XCRemoteSwiftPackageReference "Kingfisher" */,
			);
			productRefGroup = 24D1287027903ECD00AD7F3D /* Products */;
			projectDirPath = "";
			projectRoot = "";
			targets = (
				24D1286E27903ECD00AD7F3D /* Quoter */,
			);
		};
/* End PBXProject section */

/* Begin PBXResourcesBuildPhase section */
		24D1286D27903ECD00AD7F3D /* Resources */ = {
			isa = PBXResourcesBuildPhase;
			buildActionMask = 2147483647;
			files = (
				24F51F0C279E85ED003057F7 /* OFL.txt in Resources */,
				24F51F09279E85ED003057F7 /* Kalam-Regular.ttf in Resources */,
				24D1287F27903ECE00AD7F3D /* LaunchScreen.storyboard in Resources */,
				24F51F29279EB7CE003057F7 /* LICENSE.txt in Resources */,
				24F51F25279EB7CE003057F7 /* Roboto-ThinItalic.ttf in Resources */,
				24F51F27279EB7CE003057F7 /* Roboto-LightItalic.ttf in Resources */,
				24F51F2B279EB7CE003057F7 /* Roboto-Bold.ttf in Resources */,
				24F51F21279EB7CE003057F7 /* Roboto-Medium.ttf in Resources */,
				24F51F2C279EB7CE003057F7 /* Roboto-Thin.ttf in Resources */,
				24F51F2A279EB7CE003057F7 /* Roboto-BlackItalic.ttf in Resources */,
				24F51F0A279E85ED003057F7 /* Kalam-Light.ttf in Resources */,
				24F51F26279EB7CE003057F7 /* Roboto-BoldItalic.ttf in Resources */,
				24D1287C27903ECE00AD7F3D /* Assets.xcassets in Resources */,
				24F51F24279EB7CE003057F7 /* Roboto-MediumItalic.ttf in Resources */,
				24F51F2D279EB7CE003057F7 /* Roboto-Black.ttf in Resources */,
				24F51F23279EB7CE003057F7 /* Roboto-Regular.ttf in Resources */,
				24F51F28279EB7CE003057F7 /* Roboto-Italic.ttf in Resources */,
				24F51F22279EB7CE003057F7 /* Roboto-Light.ttf in Resources */,
				24F51F0B279E85ED003057F7 /* Kalam-Bold.ttf in Resources */,
			);
			runOnlyForDeploymentPostprocessing = 0;
		};
/* End PBXResourcesBuildPhase section */

/* Begin PBXSourcesBuildPhase section */
		24D1286B27903ECD00AD7F3D /* Sources */ = {
			isa = PBXSourcesBuildPhase;
			buildActionMask = 2147483647;
			files = (
				24F51F2F279EEB12003057F7 /* TabbarItemView.swift in Sources */,
				24D128972790491500AD7F3D /* UIColor+Extension.swift in Sources */,
				24D1287727903ECD00AD7F3D /* AuthorsVC.swift in Sources */,
				24D128A12790AD0500AD7F3D /* AuthorsContentView.swift in Sources */,
				24D264F82791940F00614218 /* AuthorCellVM.swift in Sources */,
				24D264F62791777500614218 /* AuthorCell.swift in Sources */,
				24D0B25127A055C00050D3B4 /* TabbarController.swift in Sources */,
				24CB9FEE27930C2700E9D49F /* QuoteManager.swift in Sources */,
				24CB9FE927930C1700E9D49F /* AuthorModel.swift in Sources */,
				24CB9FE427930C0B00E9D49F /* QuoteEndpoints.swift in Sources */,
				24D1288827903FB100AD7F3D /* AuthorsView.swift in Sources */,
				24AD7D62279A9DA300BFC1BF /* QuoteModel.swift in Sources */,
				24BEA3E02798601A009DB491 /* QuoteView.swift in Sources */,
				24BEA3E427986C08009DB491 /* QuoteVC.swift in Sources */,
				24A0D38927A7ED84002286F6 /* CoreDataModel.xcdatamodeld in Sources */,
				24D1815027A6D7F600F79C91 /* IdeaImageView.swift in Sources */,
				24D128A32790AE0E00AD7F3D /* PublicConstants.swift in Sources */,
				24D1287327903ECD00AD7F3D /* AppDelegate.swift in Sources */,
				24A0D38B27A7F099002286F6 /* CoreDataManager.swift in Sources */,
				24F51F10279EA378003057F7 /* TabbarView.swift in Sources */,
				24CB9FED27930C2700E9D49F /* NetworkManager.swift in Sources */,
				24DF187227A554AE00D93F8D /* RandomImageModel.swift in Sources */,
				24BEA3DE27985FEE009DB491 /* ExploreVC.swift in Sources */,
				24D1289927904D0E00AD7F3D /* AppColors.swift in Sources */,
				24D1287527903ECD00AD7F3D /* SceneDelegate.swift in Sources */,
			);
			runOnlyForDeploymentPostprocessing = 0;
		};
/* End PBXSourcesBuildPhase section */

/* Begin PBXVariantGroup section */
		24D1287D27903ECE00AD7F3D /* LaunchScreen.storyboard */ = {
			isa = PBXVariantGroup;
			children = (
				24D1287E27903ECE00AD7F3D /* Base */,
			);
			name = LaunchScreen.storyboard;
			sourceTree = "<group>";
		};
/* End PBXVariantGroup section */

/* Begin XCBuildConfiguration section */
		24D1288127903ECE00AD7F3D /* Debug */ = {
			isa = XCBuildConfiguration;
			buildSettings = {
				ALWAYS_SEARCH_USER_PATHS = NO;
				CLANG_ANALYZER_NONNULL = YES;
				CLANG_ANALYZER_NUMBER_OBJECT_CONVERSION = YES_AGGRESSIVE;
				CLANG_CXX_LANGUAGE_STANDARD = "gnu++17";
				CLANG_CXX_LIBRARY = "libc++";
				CLANG_ENABLE_MODULES = YES;
				CLANG_ENABLE_OBJC_ARC = YES;
				CLANG_ENABLE_OBJC_WEAK = YES;
				CLANG_WARN_BLOCK_CAPTURE_AUTORELEASING = YES;
				CLANG_WARN_BOOL_CONVERSION = YES;
				CLANG_WARN_COMMA = YES;
				CLANG_WARN_CONSTANT_CONVERSION = YES;
				CLANG_WARN_DEPRECATED_OBJC_IMPLEMENTATIONS = YES;
				CLANG_WARN_DIRECT_OBJC_ISA_USAGE = YES_ERROR;
				CLANG_WARN_DOCUMENTATION_COMMENTS = YES;
				CLANG_WARN_EMPTY_BODY = YES;
				CLANG_WARN_ENUM_CONVERSION = YES;
				CLANG_WARN_INFINITE_RECURSION = YES;
				CLANG_WARN_INT_CONVERSION = YES;
				CLANG_WARN_NON_LITERAL_NULL_CONVERSION = YES;
				CLANG_WARN_OBJC_IMPLICIT_RETAIN_SELF = YES;
				CLANG_WARN_OBJC_LITERAL_CONVERSION = YES;
				CLANG_WARN_OBJC_ROOT_CLASS = YES_ERROR;
				CLANG_WARN_QUOTED_INCLUDE_IN_FRAMEWORK_HEADER = YES;
				CLANG_WARN_RANGE_LOOP_ANALYSIS = YES;
				CLANG_WARN_STRICT_PROTOTYPES = YES;
				CLANG_WARN_SUSPICIOUS_MOVE = YES;
				CLANG_WARN_UNGUARDED_AVAILABILITY = YES_AGGRESSIVE;
				CLANG_WARN_UNREACHABLE_CODE = YES;
				CLANG_WARN__DUPLICATE_METHOD_MATCH = YES;
				COPY_PHASE_STRIP = NO;
				DEBUG_INFORMATION_FORMAT = dwarf;
				ENABLE_STRICT_OBJC_MSGSEND = YES;
				ENABLE_TESTABILITY = YES;
				GCC_C_LANGUAGE_STANDARD = gnu11;
				GCC_DYNAMIC_NO_PIC = NO;
				GCC_NO_COMMON_BLOCKS = YES;
				GCC_OPTIMIZATION_LEVEL = 0;
				GCC_PREPROCESSOR_DEFINITIONS = (
					"DEBUG=1",
					"$(inherited)",
				);
				GCC_WARN_64_TO_32_BIT_CONVERSION = YES;
				GCC_WARN_ABOUT_RETURN_TYPE = YES_ERROR;
				GCC_WARN_UNDECLARED_SELECTOR = YES;
				GCC_WARN_UNINITIALIZED_AUTOS = YES_AGGRESSIVE;
				GCC_WARN_UNUSED_FUNCTION = YES;
				GCC_WARN_UNUSED_VARIABLE = YES;
				IPHONEOS_DEPLOYMENT_TARGET = 15.2;
				MTL_ENABLE_DEBUG_INFO = INCLUDE_SOURCE;
				MTL_FAST_MATH = YES;
				ONLY_ACTIVE_ARCH = YES;
				SDKROOT = iphoneos;
				SWIFT_ACTIVE_COMPILATION_CONDITIONS = DEBUG;
				SWIFT_OPTIMIZATION_LEVEL = "-Onone";
			};
			name = Debug;
		};
		24D1288227903ECE00AD7F3D /* Release */ = {
			isa = XCBuildConfiguration;
			buildSettings = {
				ALWAYS_SEARCH_USER_PATHS = NO;
				CLANG_ANALYZER_NONNULL = YES;
				CLANG_ANALYZER_NUMBER_OBJECT_CONVERSION = YES_AGGRESSIVE;
				CLANG_CXX_LANGUAGE_STANDARD = "gnu++17";
				CLANG_CXX_LIBRARY = "libc++";
				CLANG_ENABLE_MODULES = YES;
				CLANG_ENABLE_OBJC_ARC = YES;
				CLANG_ENABLE_OBJC_WEAK = YES;
				CLANG_WARN_BLOCK_CAPTURE_AUTORELEASING = YES;
				CLANG_WARN_BOOL_CONVERSION = YES;
				CLANG_WARN_COMMA = YES;
				CLANG_WARN_CONSTANT_CONVERSION = YES;
				CLANG_WARN_DEPRECATED_OBJC_IMPLEMENTATIONS = YES;
				CLANG_WARN_DIRECT_OBJC_ISA_USAGE = YES_ERROR;
				CLANG_WARN_DOCUMENTATION_COMMENTS = YES;
				CLANG_WARN_EMPTY_BODY = YES;
				CLANG_WARN_ENUM_CONVERSION = YES;
				CLANG_WARN_INFINITE_RECURSION = YES;
				CLANG_WARN_INT_CONVERSION = YES;
				CLANG_WARN_NON_LITERAL_NULL_CONVERSION = YES;
				CLANG_WARN_OBJC_IMPLICIT_RETAIN_SELF = YES;
				CLANG_WARN_OBJC_LITERAL_CONVERSION = YES;
				CLANG_WARN_OBJC_ROOT_CLASS = YES_ERROR;
				CLANG_WARN_QUOTED_INCLUDE_IN_FRAMEWORK_HEADER = YES;
				CLANG_WARN_RANGE_LOOP_ANALYSIS = YES;
				CLANG_WARN_STRICT_PROTOTYPES = YES;
				CLANG_WARN_SUSPICIOUS_MOVE = YES;
				CLANG_WARN_UNGUARDED_AVAILABILITY = YES_AGGRESSIVE;
				CLANG_WARN_UNREACHABLE_CODE = YES;
				CLANG_WARN__DUPLICATE_METHOD_MATCH = YES;
				COPY_PHASE_STRIP = NO;
				DEBUG_INFORMATION_FORMAT = "dwarf-with-dsym";
				ENABLE_NS_ASSERTIONS = NO;
				ENABLE_STRICT_OBJC_MSGSEND = YES;
				GCC_C_LANGUAGE_STANDARD = gnu11;
				GCC_NO_COMMON_BLOCKS = YES;
				GCC_WARN_64_TO_32_BIT_CONVERSION = YES;
				GCC_WARN_ABOUT_RETURN_TYPE = YES_ERROR;
				GCC_WARN_UNDECLARED_SELECTOR = YES;
				GCC_WARN_UNINITIALIZED_AUTOS = YES_AGGRESSIVE;
				GCC_WARN_UNUSED_FUNCTION = YES;
				GCC_WARN_UNUSED_VARIABLE = YES;
				IPHONEOS_DEPLOYMENT_TARGET = 15.2;
				MTL_ENABLE_DEBUG_INFO = NO;
				MTL_FAST_MATH = YES;
				SDKROOT = iphoneos;
				SWIFT_COMPILATION_MODE = wholemodule;
				SWIFT_OPTIMIZATION_LEVEL = "-O";
				VALIDATE_PRODUCT = YES;
			};
			name = Release;
		};
		24D1288427903ECE00AD7F3D /* Debug */ = {
			isa = XCBuildConfiguration;
			buildSettings = {
				ASSETCATALOG_COMPILER_APPICON_NAME = AppIcon;
				ASSETCATALOG_COMPILER_GLOBAL_ACCENT_COLOR_NAME = AccentColor;
				CODE_SIGN_STYLE = Automatic;
				CURRENT_PROJECT_VERSION = 1;
				DEVELOPMENT_TEAM = 8C7J4PSQLX;
				GENERATE_INFOPLIST_FILE = YES;
				INFOPLIST_FILE = Quoter/Info.plist;
				INFOPLIST_KEY_UIApplicationSupportsIndirectInputEvents = YES;
				INFOPLIST_KEY_UILaunchStoryboardName = LaunchScreen;
				INFOPLIST_KEY_UISupportedInterfaceOrientations_iPad = "UIInterfaceOrientationPortrait UIInterfaceOrientationPortraitUpsideDown UIInterfaceOrientationLandscapeLeft UIInterfaceOrientationLandscapeRight";
				INFOPLIST_KEY_UISupportedInterfaceOrientations_iPhone = "UIInterfaceOrientationPortrait UIInterfaceOrientationLandscapeLeft UIInterfaceOrientationLandscapeRight";
				LD_RUNPATH_SEARCH_PATHS = (
					"$(inherited)",
					"@executable_path/Frameworks",
				);
				MARKETING_VERSION = 1.0;
				PRODUCT_BUNDLE_IDENTIFIER = com.firstcar.Quoter;
				PRODUCT_NAME = "$(TARGET_NAME)";
				SWIFT_EMIT_LOC_STRINGS = YES;
				SWIFT_VERSION = 5.0;
				TARGETED_DEVICE_FAMILY = "1,2";
			};
			name = Debug;
		};
		24D1288527903ECE00AD7F3D /* Release */ = {
			isa = XCBuildConfiguration;
			buildSettings = {
				ASSETCATALOG_COMPILER_APPICON_NAME = AppIcon;
				ASSETCATALOG_COMPILER_GLOBAL_ACCENT_COLOR_NAME = AccentColor;
				CODE_SIGN_STYLE = Automatic;
				CURRENT_PROJECT_VERSION = 1;
				DEVELOPMENT_TEAM = 8C7J4PSQLX;
				GENERATE_INFOPLIST_FILE = YES;
				INFOPLIST_FILE = Quoter/Info.plist;
				INFOPLIST_KEY_UIApplicationSupportsIndirectInputEvents = YES;
				INFOPLIST_KEY_UILaunchStoryboardName = LaunchScreen;
				INFOPLIST_KEY_UISupportedInterfaceOrientations_iPad = "UIInterfaceOrientationPortrait UIInterfaceOrientationPortraitUpsideDown UIInterfaceOrientationLandscapeLeft UIInterfaceOrientationLandscapeRight";
				INFOPLIST_KEY_UISupportedInterfaceOrientations_iPhone = "UIInterfaceOrientationPortrait UIInterfaceOrientationLandscapeLeft UIInterfaceOrientationLandscapeRight";
				LD_RUNPATH_SEARCH_PATHS = (
					"$(inherited)",
					"@executable_path/Frameworks",
				);
				MARKETING_VERSION = 1.0;
				PRODUCT_BUNDLE_IDENTIFIER = com.firstcar.Quoter;
				PRODUCT_NAME = "$(TARGET_NAME)";
				SWIFT_EMIT_LOC_STRINGS = YES;
				SWIFT_VERSION = 5.0;
				TARGETED_DEVICE_FAMILY = "1,2";
			};
			name = Release;
		};
/* End XCBuildConfiguration section */

/* Begin XCConfigurationList section */
		24D1286A27903ECD00AD7F3D /* Build configuration list for PBXProject "Quoter" */ = {
			isa = XCConfigurationList;
			buildConfigurations = (
				24D1288127903ECE00AD7F3D /* Debug */,
				24D1288227903ECE00AD7F3D /* Release */,
			);
			defaultConfigurationIsVisible = 0;
			defaultConfigurationName = Release;
		};
		24D1288327903ECE00AD7F3D /* Build configuration list for PBXNativeTarget "Quoter" */ = {
			isa = XCConfigurationList;
			buildConfigurations = (
				24D1288427903ECE00AD7F3D /* Debug */,
				24D1288527903ECE00AD7F3D /* Release */,
			);
			defaultConfigurationIsVisible = 0;
			defaultConfigurationName = Release;
		};
/* End XCConfigurationList section */

/* Begin XCRemoteSwiftPackageReference section */
		24D1289A2790887A00AD7F3D /* XCRemoteSwiftPackageReference "SnapKit" */ = {
			isa = XCRemoteSwiftPackageReference;
			repositoryURL = "https://github.com/SnapKit/SnapKit";
			requirement = {
				kind = upToNextMajorVersion;
				minimumVersion = 5.0.0;
			};
		};
		24D1289D2790AB4900AD7F3D /* XCRemoteSwiftPackageReference "Kingfisher" */ = {
			isa = XCRemoteSwiftPackageReference;
			repositoryURL = "https://github.com/onevcat/Kingfisher";
			requirement = {
				kind = upToNextMajorVersion;
				minimumVersion = 7.0.0;
			};
		};
/* End XCRemoteSwiftPackageReference section */

/* Begin XCSwiftPackageProductDependency section */
		24D1289B2790887A00AD7F3D /* SnapKit */ = {
			isa = XCSwiftPackageProductDependency;
			package = 24D1289A2790887A00AD7F3D /* XCRemoteSwiftPackageReference "SnapKit" */;
			productName = SnapKit;
		};
		24D1289E2790AB4900AD7F3D /* Kingfisher */ = {
			isa = XCSwiftPackageProductDependency;
			package = 24D1289D2790AB4900AD7F3D /* XCRemoteSwiftPackageReference "Kingfisher" */;
			productName = Kingfisher;
		};
/* End XCSwiftPackageProductDependency section */

/* Begin XCVersionGroup section */
		24A0D38727A7ED84002286F6 /* CoreDataModel.xcdatamodeld */ = {
			isa = XCVersionGroup;
			children = (
				24A0D38827A7ED84002286F6 /* CoreDataModel.xcdatamodel */,
			);
			currentVersion = 24A0D38827A7ED84002286F6 /* CoreDataModel.xcdatamodel */;
			path = CoreDataModel.xcdatamodeld;
			sourceTree = "<group>";
			versionGroupType = wrapper.xcdatamodel;
		};
/* End XCVersionGroup section */
	};
	rootObject = 24D1286727903ECD00AD7F3D /* Project object */;
}
